// !$*UTF8*$!
{
	archiveVersion = 1;
	classes = {
	};
	objectVersion = 56;
	objects = {

/* Begin PBXBuildFile section */
		850E24972B6565BB0000D497 /* FeedUIComposer.swift in Sources */ = {isa = PBXBuildFile; fileRef = 850E24942B6565BA0000D497 /* FeedUIComposer.swift */; };
		850E24982B6565BB0000D497 /* WeakRefVirtualProxy.swift in Sources */ = {isa = PBXBuildFile; fileRef = 850E24952B6565BA0000D497 /* WeakRefVirtualProxy.swift */; };
		850E249A2B6565BB0000D497 /* LoadResourcePresentationAdapter.swift in Sources */ = {isa = PBXBuildFile; fileRef = 850E24912B6565BA0000D497 /* LoadResourcePresentationAdapter.swift */; };
		850E249B2B6565BB0000D497 /* FeedViewAdapter.swift in Sources */ = {isa = PBXBuildFile; fileRef = 850E24922B6565BA0000D497 /* FeedViewAdapter.swift */; };
		850E24A62B6565EA0000D497 /* FeedUIIntegrationTests+Assertions.swift in Sources */ = {isa = PBXBuildFile; fileRef = 850E249F2B6565EA0000D497 /* FeedUIIntegrationTests+Assertions.swift */; };
		850E24A72B6565EA0000D497 /* UIControl+TestHelpers.swift in Sources */ = {isa = PBXBuildFile; fileRef = 850E24A22B6565EA0000D497 /* UIControl+TestHelpers.swift */; };
		850E24A82B6565EA0000D497 /* UIButton+TestHelpers.swift in Sources */ = {isa = PBXBuildFile; fileRef = 850E24A42B6565EA0000D497 /* UIButton+TestHelpers.swift */; };
		850E24A92B6565EA0000D497 /* FeedImageCell+TestHelpers.swift in Sources */ = {isa = PBXBuildFile; fileRef = 850E24A52B6565EA0000D497 /* FeedImageCell+TestHelpers.swift */; };
		850E24AA2B6565EA0000D497 /* FeedUIIntegrationTests+LoaderSpy.swift in Sources */ = {isa = PBXBuildFile; fileRef = 850E24A32B6565EA0000D497 /* FeedUIIntegrationTests+LoaderSpy.swift */; };
		850E24AB2B6565EA0000D497 /* UIRefreshControl+TestHelpers.swift in Sources */ = {isa = PBXBuildFile; fileRef = 850E249D2B6565EA0000D497 /* UIRefreshControl+TestHelpers.swift */; };
		850E24AD2B6565EA0000D497 /* ListViewController+TestHelpers.swift in Sources */ = {isa = PBXBuildFile; fileRef = 850E249E2B6565EA0000D497 /* ListViewController+TestHelpers.swift */; };
		850E24AE2B6565EA0000D497 /* UIImage+TestHelpers.swift in Sources */ = {isa = PBXBuildFile; fileRef = 850E24A12B6565EA0000D497 /* UIImage+TestHelpers.swift */; };
		850E24B02B65660C0000D497 /* FeedUIIntegrationTests.swift in Sources */ = {isa = PBXBuildFile; fileRef = 850E24AF2B65660C0000D497 /* FeedUIIntegrationTests.swift */; };
		850E24B22B6789710000D497 /* FeedAcceptanceTests.swift in Sources */ = {isa = PBXBuildFile; fileRef = 850E24B12B6789710000D497 /* FeedAcceptanceTests.swift */; };
		857240FA2B5D87080033CDD3 /* AppDelegate.swift in Sources */ = {isa = PBXBuildFile; fileRef = 857240F92B5D87080033CDD3 /* AppDelegate.swift */; };
		857240FC2B5D87080033CDD3 /* SceneDelegate.swift in Sources */ = {isa = PBXBuildFile; fileRef = 857240FB2B5D87080033CDD3 /* SceneDelegate.swift */; };
		857240FE2B5D87080033CDD3 /* ViewController.swift in Sources */ = {isa = PBXBuildFile; fileRef = 857240FD2B5D87080033CDD3 /* ViewController.swift */; };
		857241032B5D87090033CDD3 /* Assets.xcassets in Resources */ = {isa = PBXBuildFile; fileRef = 857241022B5D87090033CDD3 /* Assets.xcassets */; };
		857241062B5D87090033CDD3 /* LaunchScreen.storyboard in Resources */ = {isa = PBXBuildFile; fileRef = 857241042B5D87090033CDD3 /* LaunchScreen.storyboard */; };
		8572412C2B5D88960033CDD3 /* MyEssentialFeed.framework in Frameworks */ = {isa = PBXBuildFile; fileRef = 8572412A2B5D88960033CDD3 /* MyEssentialFeed.framework */; };
		8572412D2B5D88960033CDD3 /* MyEssentialFeed.framework in Embed Frameworks */ = {isa = PBXBuildFile; fileRef = 8572412A2B5D88960033CDD3 /* MyEssentialFeed.framework */; settings = {ATTRIBUTES = (CodeSignOnCopy, RemoveHeadersOnCopy, ); }; };
		8572412E2B5D88960033CDD3 /* MyEssentialFeediOS.framework in Frameworks */ = {isa = PBXBuildFile; fileRef = 8572412B2B5D88960033CDD3 /* MyEssentialFeediOS.framework */; };
		8572412F2B5D88960033CDD3 /* MyEssentialFeediOS.framework in Embed Frameworks */ = {isa = PBXBuildFile; fileRef = 8572412B2B5D88960033CDD3 /* MyEssentialFeediOS.framework */; settings = {ATTRIBUTES = (CodeSignOnCopy, RemoveHeadersOnCopy, ); }; };
		8572413B2B5D93700033CDD3 /* XCTestCase+MemoryLeakTracking.swift in Sources */ = {isa = PBXBuildFile; fileRef = 8572413A2B5D93700033CDD3 /* XCTestCase+MemoryLeakTracking.swift */; };
		8572413D2B5D93C40033CDD3 /* SharedTestHelpers.swift in Sources */ = {isa = PBXBuildFile; fileRef = 8572413C2B5D93C40033CDD3 /* SharedTestHelpers.swift */; };
		85938CA42B7FC39500B1452A /* CommentsUIIntegrationTests.swift in Sources */ = {isa = PBXBuildFile; fileRef = 85938CA32B7FC39500B1452A /* CommentsUIIntegrationTests.swift */; };
		85938CA62B7FC6CF00B1452A /* CommentsUIComposer.swift in Sources */ = {isa = PBXBuildFile; fileRef = 85938CA52B7FC6CF00B1452A /* CommentsUIComposer.swift */; };
		85E473882B618635003B17B0 /* FeedImageDataLoaderSpy.swift in Sources */ = {isa = PBXBuildFile; fileRef = 85E473872B618635003B17B0 /* FeedImageDataLoaderSpy.swift */; };
		85E4738A2B61884B003B17B0 /* XCTestCase+FeedImageDataLoader.swift in Sources */ = {isa = PBXBuildFile; fileRef = 85E473892B61884B003B17B0 /* XCTestCase+FeedImageDataLoader.swift */; };
		85E473A12B655FD6003B17B0 /* SceneDelegateTests.swift in Sources */ = {isa = PBXBuildFile; fileRef = 85E473A02B655FD6003B17B0 /* SceneDelegateTests.swift */; };
		85F39D752B754F3A009DA170 /* CombineHelpers.swift in Sources */ = {isa = PBXBuildFile; fileRef = 85F39D742B754F3A009DA170 /* CombineHelpers.swift */; };
/* End PBXBuildFile section */

/* Begin PBXContainerItemProxy section */
		8572410D2B5D870A0033CDD3 /* PBXContainerItemProxy */ = {
			isa = PBXContainerItemProxy;
			containerPortal = 857240EE2B5D87080033CDD3 /* Project object */;
			proxyType = 1;
			remoteGlobalIDString = 857240F52B5D87080033CDD3;
			remoteInfo = EssentialApp;
		};
/* End PBXContainerItemProxy section */

/* Begin PBXCopyFilesBuildPhase section */
		857241302B5D88960033CDD3 /* Embed Frameworks */ = {
			isa = PBXCopyFilesBuildPhase;
			buildActionMask = 2147483647;
			dstPath = "";
			dstSubfolderSpec = 10;
			files = (
				8572412D2B5D88960033CDD3 /* MyEssentialFeed.framework in Embed Frameworks */,
				8572412F2B5D88960033CDD3 /* MyEssentialFeediOS.framework in Embed Frameworks */,
			);
			name = "Embed Frameworks";
			runOnlyForDeploymentPostprocessing = 0;
		};
/* End PBXCopyFilesBuildPhase section */

/* Begin PBXFileReference section */
		850E24912B6565BA0000D497 /* LoadResourcePresentationAdapter.swift */ = {isa = PBXFileReference; lastKnownFileType = sourcecode.swift; path = LoadResourcePresentationAdapter.swift; sourceTree = "<group>"; };
		850E24922B6565BA0000D497 /* FeedViewAdapter.swift */ = {isa = PBXFileReference; lastKnownFileType = sourcecode.swift; path = FeedViewAdapter.swift; sourceTree = "<group>"; };
		850E24942B6565BA0000D497 /* FeedUIComposer.swift */ = {isa = PBXFileReference; lastKnownFileType = sourcecode.swift; path = FeedUIComposer.swift; sourceTree = "<group>"; };
		850E24952B6565BA0000D497 /* WeakRefVirtualProxy.swift */ = {isa = PBXFileReference; lastKnownFileType = sourcecode.swift; path = WeakRefVirtualProxy.swift; sourceTree = "<group>"; };
		850E249D2B6565EA0000D497 /* UIRefreshControl+TestHelpers.swift */ = {isa = PBXFileReference; lastKnownFileType = sourcecode.swift; path = "UIRefreshControl+TestHelpers.swift"; sourceTree = "<group>"; };
		850E249E2B6565EA0000D497 /* ListViewController+TestHelpers.swift */ = {isa = PBXFileReference; lastKnownFileType = sourcecode.swift; path = "ListViewController+TestHelpers.swift"; sourceTree = "<group>"; };
		850E249F2B6565EA0000D497 /* FeedUIIntegrationTests+Assertions.swift */ = {isa = PBXFileReference; lastKnownFileType = sourcecode.swift; path = "FeedUIIntegrationTests+Assertions.swift"; sourceTree = "<group>"; };
		850E24A12B6565EA0000D497 /* UIImage+TestHelpers.swift */ = {isa = PBXFileReference; lastKnownFileType = sourcecode.swift; path = "UIImage+TestHelpers.swift"; sourceTree = "<group>"; };
		850E24A22B6565EA0000D497 /* UIControl+TestHelpers.swift */ = {isa = PBXFileReference; lastKnownFileType = sourcecode.swift; path = "UIControl+TestHelpers.swift"; sourceTree = "<group>"; };
		850E24A32B6565EA0000D497 /* FeedUIIntegrationTests+LoaderSpy.swift */ = {isa = PBXFileReference; lastKnownFileType = sourcecode.swift; path = "FeedUIIntegrationTests+LoaderSpy.swift"; sourceTree = "<group>"; };
		850E24A42B6565EA0000D497 /* UIButton+TestHelpers.swift */ = {isa = PBXFileReference; lastKnownFileType = sourcecode.swift; path = "UIButton+TestHelpers.swift"; sourceTree = "<group>"; };
		850E24A52B6565EA0000D497 /* FeedImageCell+TestHelpers.swift */ = {isa = PBXFileReference; lastKnownFileType = sourcecode.swift; path = "FeedImageCell+TestHelpers.swift"; sourceTree = "<group>"; };
		850E24AF2B65660C0000D497 /* FeedUIIntegrationTests.swift */ = {isa = PBXFileReference; lastKnownFileType = sourcecode.swift; path = FeedUIIntegrationTests.swift; sourceTree = "<group>"; };
		850E24B12B6789710000D497 /* FeedAcceptanceTests.swift */ = {isa = PBXFileReference; lastKnownFileType = sourcecode.swift; path = FeedAcceptanceTests.swift; sourceTree = "<group>"; };
		857240F62B5D87080033CDD3 /* EssentialApp.app */ = {isa = PBXFileReference; explicitFileType = wrapper.application; includeInIndex = 0; path = EssentialApp.app; sourceTree = BUILT_PRODUCTS_DIR; };
		857240F92B5D87080033CDD3 /* AppDelegate.swift */ = {isa = PBXFileReference; lastKnownFileType = sourcecode.swift; path = AppDelegate.swift; sourceTree = "<group>"; };
		857240FB2B5D87080033CDD3 /* SceneDelegate.swift */ = {isa = PBXFileReference; lastKnownFileType = sourcecode.swift; path = SceneDelegate.swift; sourceTree = "<group>"; };
		857240FD2B5D87080033CDD3 /* ViewController.swift */ = {isa = PBXFileReference; lastKnownFileType = sourcecode.swift; path = ViewController.swift; sourceTree = "<group>"; };
		857241022B5D87090033CDD3 /* Assets.xcassets */ = {isa = PBXFileReference; lastKnownFileType = folder.assetcatalog; path = Assets.xcassets; sourceTree = "<group>"; };
		857241052B5D87090033CDD3 /* Base */ = {isa = PBXFileReference; lastKnownFileType = file.storyboard; name = Base; path = Base.lproj/LaunchScreen.storyboard; sourceTree = "<group>"; };
		857241072B5D87090033CDD3 /* Info.plist */ = {isa = PBXFileReference; lastKnownFileType = text.plist.xml; path = Info.plist; sourceTree = "<group>"; };
		8572410C2B5D870A0033CDD3 /* EssentialAppTests.xctest */ = {isa = PBXFileReference; explicitFileType = wrapper.cfbundle; includeInIndex = 0; path = EssentialAppTests.xctest; sourceTree = BUILT_PRODUCTS_DIR; };
		8572412A2B5D88960033CDD3 /* MyEssentialFeed.framework */ = {isa = PBXFileReference; explicitFileType = wrapper.framework; path = MyEssentialFeed.framework; sourceTree = BUILT_PRODUCTS_DIR; };
		8572412B2B5D88960033CDD3 /* MyEssentialFeediOS.framework */ = {isa = PBXFileReference; explicitFileType = wrapper.framework; path = MyEssentialFeediOS.framework; sourceTree = BUILT_PRODUCTS_DIR; };
		8572413A2B5D93700033CDD3 /* XCTestCase+MemoryLeakTracking.swift */ = {isa = PBXFileReference; lastKnownFileType = sourcecode.swift; path = "XCTestCase+MemoryLeakTracking.swift"; sourceTree = "<group>"; };
		8572413C2B5D93C40033CDD3 /* SharedTestHelpers.swift */ = {isa = PBXFileReference; lastKnownFileType = sourcecode.swift; path = SharedTestHelpers.swift; sourceTree = "<group>"; };
		8572413E2B5D96180033CDD3 /* EssentialAppTest.xctestplan */ = {isa = PBXFileReference; lastKnownFileType = text; name = EssentialAppTest.xctestplan; path = ../EssentialAppTest.xctestplan; sourceTree = "<group>"; };
		85938CA32B7FC39500B1452A /* CommentsUIIntegrationTests.swift */ = {isa = PBXFileReference; lastKnownFileType = sourcecode.swift; path = CommentsUIIntegrationTests.swift; sourceTree = "<group>"; };
		85938CA52B7FC6CF00B1452A /* CommentsUIComposer.swift */ = {isa = PBXFileReference; lastKnownFileType = sourcecode.swift; path = CommentsUIComposer.swift; sourceTree = "<group>"; };
		85E473872B618635003B17B0 /* FeedImageDataLoaderSpy.swift */ = {isa = PBXFileReference; lastKnownFileType = sourcecode.swift; path = FeedImageDataLoaderSpy.swift; sourceTree = "<group>"; };
		85E473892B61884B003B17B0 /* XCTestCase+FeedImageDataLoader.swift */ = {isa = PBXFileReference; lastKnownFileType = sourcecode.swift; path = "XCTestCase+FeedImageDataLoader.swift"; sourceTree = "<group>"; };
		85E473A02B655FD6003B17B0 /* SceneDelegateTests.swift */ = {isa = PBXFileReference; lastKnownFileType = sourcecode.swift; path = SceneDelegateTests.swift; sourceTree = "<group>"; };
		85F39D742B754F3A009DA170 /* CombineHelpers.swift */ = {isa = PBXFileReference; lastKnownFileType = sourcecode.swift; path = CombineHelpers.swift; sourceTree = "<group>"; };
/* End PBXFileReference section */

/* Begin PBXFrameworksBuildPhase section */
		857240F32B5D87080033CDD3 /* Frameworks */ = {
			isa = PBXFrameworksBuildPhase;
			buildActionMask = 2147483647;
			files = (
				8572412C2B5D88960033CDD3 /* MyEssentialFeed.framework in Frameworks */,
				8572412E2B5D88960033CDD3 /* MyEssentialFeediOS.framework in Frameworks */,
			);
			runOnlyForDeploymentPostprocessing = 0;
		};
		857241092B5D870A0033CDD3 /* Frameworks */ = {
			isa = PBXFrameworksBuildPhase;
			buildActionMask = 2147483647;
			files = (
			);
			runOnlyForDeploymentPostprocessing = 0;
		};
/* End PBXFrameworksBuildPhase section */

/* Begin PBXGroup section */
		857240ED2B5D87080033CDD3 = {
			isa = PBXGroup;
			children = (
				8572413E2B5D96180033CDD3 /* EssentialAppTest.xctestplan */,
				857240F82B5D87080033CDD3 /* EssentialApp */,
				8572410F2B5D870A0033CDD3 /* EssentialAppTests */,
				857240F72B5D87080033CDD3 /* Products */,
				857241292B5D88960033CDD3 /* Frameworks */,
			);
			sourceTree = "<group>";
		};
		857240F72B5D87080033CDD3 /* Products */ = {
			isa = PBXGroup;
			children = (
				857240F62B5D87080033CDD3 /* EssentialApp.app */,
				8572410C2B5D870A0033CDD3 /* EssentialAppTests.xctest */,
			);
			name = Products;
			sourceTree = "<group>";
		};
		857240F82B5D87080033CDD3 /* EssentialApp */ = {
			isa = PBXGroup;
			children = (
				857240F92B5D87080033CDD3 /* AppDelegate.swift */,
				857240FB2B5D87080033CDD3 /* SceneDelegate.swift */,
				85F39D742B754F3A009DA170 /* CombineHelpers.swift */,
				857240FD2B5D87080033CDD3 /* ViewController.swift */,
				850E24942B6565BA0000D497 /* FeedUIComposer.swift */,
				85938CA52B7FC6CF00B1452A /* CommentsUIComposer.swift */,
				850E24952B6565BA0000D497 /* WeakRefVirtualProxy.swift */,
				850E24912B6565BA0000D497 /* LoadResourcePresentationAdapter.swift */,
				850E24922B6565BA0000D497 /* FeedViewAdapter.swift */,
				857241022B5D87090033CDD3 /* Assets.xcassets */,
				857241042B5D87090033CDD3 /* LaunchScreen.storyboard */,
				857241072B5D87090033CDD3 /* Info.plist */,
			);
			path = EssentialApp;
			sourceTree = "<group>";
		};
		8572410F2B5D870A0033CDD3 /* EssentialAppTests */ = {
			isa = PBXGroup;
			children = (
				857241392B5D93620033CDD3 /* Helpers */,
				85E473A02B655FD6003B17B0 /* SceneDelegateTests.swift */,
				850E24B12B6789710000D497 /* FeedAcceptanceTests.swift */,
				850E24AF2B65660C0000D497 /* FeedUIIntegrationTests.swift */,
				85938CA32B7FC39500B1452A /* CommentsUIIntegrationTests.swift */,
			);
			path = EssentialAppTests;
			sourceTree = "<group>";
		};
		857241292B5D88960033CDD3 /* Frameworks */ = {
			isa = PBXGroup;
			children = (
				8572412A2B5D88960033CDD3 /* MyEssentialFeed.framework */,
				8572412B2B5D88960033CDD3 /* MyEssentialFeediOS.framework */,
			);
			name = Frameworks;
			sourceTree = "<group>";
		};
		857241392B5D93620033CDD3 /* Helpers */ = {
			isa = PBXGroup;
			children = (
				850E24A12B6565EA0000D497 /* UIImage+TestHelpers.swift */,
				850E249D2B6565EA0000D497 /* UIRefreshControl+TestHelpers.swift */,
				850E24A42B6565EA0000D497 /* UIButton+TestHelpers.swift */,
				850E24A22B6565EA0000D497 /* UIControl+TestHelpers.swift */,
				850E249E2B6565EA0000D497 /* ListViewController+TestHelpers.swift */,
				850E24A52B6565EA0000D497 /* FeedImageCell+TestHelpers.swift */,
				850E24A32B6565EA0000D497 /* FeedUIIntegrationTests+LoaderSpy.swift */,
				850E249F2B6565EA0000D497 /* FeedUIIntegrationTests+Assertions.swift */,
				8572413A2B5D93700033CDD3 /* XCTestCase+MemoryLeakTracking.swift */,
				8572413C2B5D93C40033CDD3 /* SharedTestHelpers.swift */,
				85E473872B618635003B17B0 /* FeedImageDataLoaderSpy.swift */,
				85E473892B61884B003B17B0 /* XCTestCase+FeedImageDataLoader.swift */,
			);
			path = Helpers;
			sourceTree = "<group>";
		};
/* End PBXGroup section */

/* Begin PBXNativeTarget section */
		857240F52B5D87080033CDD3 /* EssentialApp */ = {
			isa = PBXNativeTarget;
			buildConfigurationList = 857241202B5D870A0033CDD3 /* Build configuration list for PBXNativeTarget "EssentialApp" */;
			buildPhases = (
				857240F22B5D87080033CDD3 /* Sources */,
				857240F32B5D87080033CDD3 /* Frameworks */,
				857240F42B5D87080033CDD3 /* Resources */,
				857241302B5D88960033CDD3 /* Embed Frameworks */,
			);
			buildRules = (
			);
			dependencies = (
			);
			name = EssentialApp;
			productName = EssentialApp;
			productReference = 857240F62B5D87080033CDD3 /* EssentialApp.app */;
			productType = "com.apple.product-type.application";
		};
		8572410B2B5D870A0033CDD3 /* EssentialAppTests */ = {
			isa = PBXNativeTarget;
			buildConfigurationList = 857241232B5D870A0033CDD3 /* Build configuration list for PBXNativeTarget "EssentialAppTests" */;
			buildPhases = (
				857241082B5D870A0033CDD3 /* Sources */,
				857241092B5D870A0033CDD3 /* Frameworks */,
				8572410A2B5D870A0033CDD3 /* Resources */,
			);
			buildRules = (
			);
			dependencies = (
				8572410E2B5D870A0033CDD3 /* PBXTargetDependency */,
			);
			name = EssentialAppTests;
			productName = EssentialAppTests;
			productReference = 8572410C2B5D870A0033CDD3 /* EssentialAppTests.xctest */;
			productType = "com.apple.product-type.bundle.unit-test";
		};
/* End PBXNativeTarget section */

/* Begin PBXProject section */
		857240EE2B5D87080033CDD3 /* Project object */ = {
			isa = PBXProject;
			attributes = {
				BuildIndependentTargetsInParallel = 1;
				LastSwiftUpdateCheck = 1500;
				LastUpgradeCheck = 1500;
				TargetAttributes = {
					857240F52B5D87080033CDD3 = {
						CreatedOnToolsVersion = 15.0;
					};
					8572410B2B5D870A0033CDD3 = {
						CreatedOnToolsVersion = 15.0;
						LastSwiftMigration = 1500;
						TestTargetID = 857240F52B5D87080033CDD3;
					};
				};
			};
			buildConfigurationList = 857240F12B5D87080033CDD3 /* Build configuration list for PBXProject "EssentialApp" */;
			compatibilityVersion = "Xcode 14.0";
			developmentRegion = en;
			hasScannedForEncodings = 0;
			knownRegions = (
				en,
				Base,
			);
			mainGroup = 857240ED2B5D87080033CDD3;
			productRefGroup = 857240F72B5D87080033CDD3 /* Products */;
			projectDirPath = "";
			projectRoot = "";
			targets = (
				857240F52B5D87080033CDD3 /* EssentialApp */,
				8572410B2B5D870A0033CDD3 /* EssentialAppTests */,
			);
		};
/* End PBXProject section */

/* Begin PBXResourcesBuildPhase section */
		857240F42B5D87080033CDD3 /* Resources */ = {
			isa = PBXResourcesBuildPhase;
			buildActionMask = 2147483647;
			files = (
				857241062B5D87090033CDD3 /* LaunchScreen.storyboard in Resources */,
				857241032B5D87090033CDD3 /* Assets.xcassets in Resources */,
			);
			runOnlyForDeploymentPostprocessing = 0;
		};
		8572410A2B5D870A0033CDD3 /* Resources */ = {
			isa = PBXResourcesBuildPhase;
			buildActionMask = 2147483647;
			files = (
			);
			runOnlyForDeploymentPostprocessing = 0;
		};
/* End PBXResourcesBuildPhase section */

/* Begin PBXSourcesBuildPhase section */
		857240F22B5D87080033CDD3 /* Sources */ = {
			isa = PBXSourcesBuildPhase;
			buildActionMask = 2147483647;
			files = (
				857240FE2B5D87080033CDD3 /* ViewController.swift in Sources */,
				850E24972B6565BB0000D497 /* FeedUIComposer.swift in Sources */,
				85F39D752B754F3A009DA170 /* CombineHelpers.swift in Sources */,
				850E24982B6565BB0000D497 /* WeakRefVirtualProxy.swift in Sources */,
				85938CA62B7FC6CF00B1452A /* CommentsUIComposer.swift in Sources */,
				857240FA2B5D87080033CDD3 /* AppDelegate.swift in Sources */,
				857240FC2B5D87080033CDD3 /* SceneDelegate.swift in Sources */,
				850E249A2B6565BB0000D497 /* LoadResourcePresentationAdapter.swift in Sources */,
				850E249B2B6565BB0000D497 /* FeedViewAdapter.swift in Sources */,
			);
			runOnlyForDeploymentPostprocessing = 0;
		};
		857241082B5D870A0033CDD3 /* Sources */ = {
			isa = PBXSourcesBuildPhase;
			buildActionMask = 2147483647;
			files = (
				8572413D2B5D93C40033CDD3 /* SharedTestHelpers.swift in Sources */,
				850E24AE2B6565EA0000D497 /* UIImage+TestHelpers.swift in Sources */,
				850E24A72B6565EA0000D497 /* UIControl+TestHelpers.swift in Sources */,
				850E24A62B6565EA0000D497 /* FeedUIIntegrationTests+Assertions.swift in Sources */,
				85938CA42B7FC39500B1452A /* CommentsUIIntegrationTests.swift in Sources */,
				85E4738A2B61884B003B17B0 /* XCTestCase+FeedImageDataLoader.swift in Sources */,
				850E24AA2B6565EA0000D497 /* FeedUIIntegrationTests+LoaderSpy.swift in Sources */,
				85E473A12B655FD6003B17B0 /* SceneDelegateTests.swift in Sources */,
				850E24A92B6565EA0000D497 /* FeedImageCell+TestHelpers.swift in Sources */,
				85E473882B618635003B17B0 /* FeedImageDataLoaderSpy.swift in Sources */,
				850E24A82B6565EA0000D497 /* UIButton+TestHelpers.swift in Sources */,
				850E24AD2B6565EA0000D497 /* ListViewController+TestHelpers.swift in Sources */,
				850E24AB2B6565EA0000D497 /* UIRefreshControl+TestHelpers.swift in Sources */,
				850E24B22B6789710000D497 /* FeedAcceptanceTests.swift in Sources */,
				850E24B02B65660C0000D497 /* FeedUIIntegrationTests.swift in Sources */,
				8572413B2B5D93700033CDD3 /* XCTestCase+MemoryLeakTracking.swift in Sources */,
			);
			runOnlyForDeploymentPostprocessing = 0;
		};
/* End PBXSourcesBuildPhase section */

/* Begin PBXTargetDependency section */
		8572410E2B5D870A0033CDD3 /* PBXTargetDependency */ = {
			isa = PBXTargetDependency;
			target = 857240F52B5D87080033CDD3 /* EssentialApp */;
			targetProxy = 8572410D2B5D870A0033CDD3 /* PBXContainerItemProxy */;
		};
/* End PBXTargetDependency section */

/* Begin PBXVariantGroup section */
		857241042B5D87090033CDD3 /* LaunchScreen.storyboard */ = {
			isa = PBXVariantGroup;
			children = (
				857241052B5D87090033CDD3 /* Base */,
			);
			name = LaunchScreen.storyboard;
			sourceTree = "<group>";
		};
/* End PBXVariantGroup section */

/* Begin XCBuildConfiguration section */
		8572411E2B5D870A0033CDD3 /* Debug */ = {
			isa = XCBuildConfiguration;
			buildSettings = {
				ALWAYS_SEARCH_USER_PATHS = NO;
				ASSETCATALOG_COMPILER_GENERATE_SWIFT_ASSET_SYMBOL_EXTENSIONS = YES;
				CLANG_ANALYZER_NONNULL = YES;
				CLANG_ANALYZER_NUMBER_OBJECT_CONVERSION = YES_AGGRESSIVE;
				CLANG_CXX_LANGUAGE_STANDARD = "gnu++20";
				CLANG_ENABLE_MODULES = YES;
				CLANG_ENABLE_OBJC_ARC = YES;
				CLANG_ENABLE_OBJC_WEAK = YES;
				CLANG_WARN_BLOCK_CAPTURE_AUTORELEASING = YES;
				CLANG_WARN_BOOL_CONVERSION = YES;
				CLANG_WARN_COMMA = YES;
				CLANG_WARN_CONSTANT_CONVERSION = YES;
				CLANG_WARN_DEPRECATED_OBJC_IMPLEMENTATIONS = YES;
				CLANG_WARN_DIRECT_OBJC_ISA_USAGE = YES_ERROR;
				CLANG_WARN_DOCUMENTATION_COMMENTS = YES;
				CLANG_WARN_EMPTY_BODY = YES;
				CLANG_WARN_ENUM_CONVERSION = YES;
				CLANG_WARN_INFINITE_RECURSION = YES;
				CLANG_WARN_INT_CONVERSION = YES;
				CLANG_WARN_NON_LITERAL_NULL_CONVERSION = YES;
				CLANG_WARN_OBJC_IMPLICIT_RETAIN_SELF = YES;
				CLANG_WARN_OBJC_LITERAL_CONVERSION = YES;
				CLANG_WARN_OBJC_ROOT_CLASS = YES_ERROR;
				CLANG_WARN_QUOTED_INCLUDE_IN_FRAMEWORK_HEADER = YES;
				CLANG_WARN_RANGE_LOOP_ANALYSIS = YES;
				CLANG_WARN_STRICT_PROTOTYPES = YES;
				CLANG_WARN_SUSPICIOUS_MOVE = YES;
				CLANG_WARN_UNGUARDED_AVAILABILITY = YES_AGGRESSIVE;
				CLANG_WARN_UNREACHABLE_CODE = YES;
				CLANG_WARN__DUPLICATE_METHOD_MATCH = YES;
				COPY_PHASE_STRIP = NO;
				DEBUG_INFORMATION_FORMAT = dwarf;
				ENABLE_STRICT_OBJC_MSGSEND = YES;
				ENABLE_TESTABILITY = YES;
				ENABLE_USER_SCRIPT_SANDBOXING = YES;
				GCC_C_LANGUAGE_STANDARD = gnu17;
				GCC_DYNAMIC_NO_PIC = NO;
				GCC_NO_COMMON_BLOCKS = YES;
				GCC_OPTIMIZATION_LEVEL = 0;
				GCC_PREPROCESSOR_DEFINITIONS = (
					"DEBUG=1",
					"$(inherited)",
				);
				GCC_WARN_64_TO_32_BIT_CONVERSION = YES;
				GCC_WARN_ABOUT_RETURN_TYPE = YES_ERROR;
				GCC_WARN_UNDECLARED_SELECTOR = YES;
				GCC_WARN_UNINITIALIZED_AUTOS = YES_AGGRESSIVE;
				GCC_WARN_UNUSED_FUNCTION = YES;
				GCC_WARN_UNUSED_VARIABLE = YES;
				IPHONEOS_DEPLOYMENT_TARGET = 17.0;
				LOCALIZATION_PREFERS_STRING_CATALOGS = YES;
				MTL_ENABLE_DEBUG_INFO = INCLUDE_SOURCE;
				MTL_FAST_MATH = YES;
				ONLY_ACTIVE_ARCH = YES;
				SDKROOT = iphoneos;
				SWIFT_ACTIVE_COMPILATION_CONDITIONS = "DEBUG $(inherited)";
				SWIFT_OPTIMIZATION_LEVEL = "-Onone";
			};
			name = Debug;
		};
		8572411F2B5D870A0033CDD3 /* Release */ = {
			isa = XCBuildConfiguration;
			buildSettings = {
				ALWAYS_SEARCH_USER_PATHS = NO;
				ASSETCATALOG_COMPILER_GENERATE_SWIFT_ASSET_SYMBOL_EXTENSIONS = YES;
				CLANG_ANALYZER_NONNULL = YES;
				CLANG_ANALYZER_NUMBER_OBJECT_CONVERSION = YES_AGGRESSIVE;
				CLANG_CXX_LANGUAGE_STANDARD = "gnu++20";
				CLANG_ENABLE_MODULES = YES;
				CLANG_ENABLE_OBJC_ARC = YES;
				CLANG_ENABLE_OBJC_WEAK = YES;
				CLANG_WARN_BLOCK_CAPTURE_AUTORELEASING = YES;
				CLANG_WARN_BOOL_CONVERSION = YES;
				CLANG_WARN_COMMA = YES;
				CLANG_WARN_CONSTANT_CONVERSION = YES;
				CLANG_WARN_DEPRECATED_OBJC_IMPLEMENTATIONS = YES;
				CLANG_WARN_DIRECT_OBJC_ISA_USAGE = YES_ERROR;
				CLANG_WARN_DOCUMENTATION_COMMENTS = YES;
				CLANG_WARN_EMPTY_BODY = YES;
				CLANG_WARN_ENUM_CONVERSION = YES;
				CLANG_WARN_INFINITE_RECURSION = YES;
				CLANG_WARN_INT_CONVERSION = YES;
				CLANG_WARN_NON_LITERAL_NULL_CONVERSION = YES;
				CLANG_WARN_OBJC_IMPLICIT_RETAIN_SELF = YES;
				CLANG_WARN_OBJC_LITERAL_CONVERSION = YES;
				CLANG_WARN_OBJC_ROOT_CLASS = YES_ERROR;
				CLANG_WARN_QUOTED_INCLUDE_IN_FRAMEWORK_HEADER = YES;
				CLANG_WARN_RANGE_LOOP_ANALYSIS = YES;
				CLANG_WARN_STRICT_PROTOTYPES = YES;
				CLANG_WARN_SUSPICIOUS_MOVE = YES;
				CLANG_WARN_UNGUARDED_AVAILABILITY = YES_AGGRESSIVE;
				CLANG_WARN_UNREACHABLE_CODE = YES;
				CLANG_WARN__DUPLICATE_METHOD_MATCH = YES;
				COPY_PHASE_STRIP = NO;
				DEBUG_INFORMATION_FORMAT = "dwarf-with-dsym";
				ENABLE_NS_ASSERTIONS = NO;
				ENABLE_STRICT_OBJC_MSGSEND = YES;
				ENABLE_USER_SCRIPT_SANDBOXING = YES;
				GCC_C_LANGUAGE_STANDARD = gnu17;
				GCC_NO_COMMON_BLOCKS = YES;
				GCC_WARN_64_TO_32_BIT_CONVERSION = YES;
				GCC_WARN_ABOUT_RETURN_TYPE = YES_ERROR;
				GCC_WARN_UNDECLARED_SELECTOR = YES;
				GCC_WARN_UNINITIALIZED_AUTOS = YES_AGGRESSIVE;
				GCC_WARN_UNUSED_FUNCTION = YES;
				GCC_WARN_UNUSED_VARIABLE = YES;
				IPHONEOS_DEPLOYMENT_TARGET = 17.0;
				LOCALIZATION_PREFERS_STRING_CATALOGS = YES;
				MTL_ENABLE_DEBUG_INFO = NO;
				MTL_FAST_MATH = YES;
				SDKROOT = iphoneos;
				SWIFT_COMPILATION_MODE = wholemodule;
				VALIDATE_PRODUCT = YES;
			};
			name = Release;
		};
		857241212B5D870A0033CDD3 /* Debug */ = {
			isa = XCBuildConfiguration;
			buildSettings = {
				ASSETCATALOG_COMPILER_APPICON_NAME = AppIcon;
				ASSETCATALOG_COMPILER_GLOBAL_ACCENT_COLOR_NAME = AccentColor;
				CODE_SIGN_STYLE = Automatic;
				CURRENT_PROJECT_VERSION = 1;
				DEVELOPMENT_TEAM = 274M6WJ8NT;
				GENERATE_INFOPLIST_FILE = YES;
				INFOPLIST_FILE = EssentialApp/Info.plist;
				INFOPLIST_KEY_UIApplicationSupportsIndirectInputEvents = YES;
				INFOPLIST_KEY_UILaunchStoryboardName = LaunchScreen;
				INFOPLIST_KEY_UISupportedInterfaceOrientations = "UIInterfaceOrientationPortrait UIInterfaceOrientationPortraitUpsideDown";
				LD_RUNPATH_SEARCH_PATHS = (
					"$(inherited)",
					"@executable_path/Frameworks",
				);
				MARKETING_VERSION = 1.0;
				PRODUCT_BUNDLE_IDENTIFIER = com.matteocasu.EssentialApp;
				PRODUCT_NAME = "$(TARGET_NAME)";
				SWIFT_EMIT_LOC_STRINGS = YES;
				SWIFT_VERSION = 5.0;
				TARGETED_DEVICE_FAMILY = "1,2";
			};
			name = Debug;
		};
		857241222B5D870A0033CDD3 /* Release */ = {
			isa = XCBuildConfiguration;
			buildSettings = {
				ASSETCATALOG_COMPILER_APPICON_NAME = AppIcon;
				ASSETCATALOG_COMPILER_GLOBAL_ACCENT_COLOR_NAME = AccentColor;
				CODE_SIGN_STYLE = Automatic;
				CURRENT_PROJECT_VERSION = 1;
				DEVELOPMENT_TEAM = 274M6WJ8NT;
				GENERATE_INFOPLIST_FILE = YES;
				INFOPLIST_FILE = EssentialApp/Info.plist;
				INFOPLIST_KEY_UIApplicationSupportsIndirectInputEvents = YES;
				INFOPLIST_KEY_UILaunchStoryboardName = LaunchScreen;
				INFOPLIST_KEY_UISupportedInterfaceOrientations = "UIInterfaceOrientationPortrait UIInterfaceOrientationPortraitUpsideDown";
				LD_RUNPATH_SEARCH_PATHS = (
					"$(inherited)",
					"@executable_path/Frameworks",
				);
				MARKETING_VERSION = 1.0;
				PRODUCT_BUNDLE_IDENTIFIER = com.matteocasu.EssentialApp;
				PRODUCT_NAME = "$(TARGET_NAME)";
				SWIFT_EMIT_LOC_STRINGS = YES;
				SWIFT_VERSION = 5.0;
				TARGETED_DEVICE_FAMILY = "1,2";
			};
			name = Release;
		};
		857241242B5D870A0033CDD3 /* Debug */ = {
			isa = XCBuildConfiguration;
			buildSettings = {
				ALWAYS_EMBED_SWIFT_STANDARD_LIBRARIES = YES;
				BUNDLE_LOADER = "$(TEST_HOST)";
				CLANG_ENABLE_MODULES = YES;
				CODE_SIGN_STYLE = Automatic;
				CURRENT_PROJECT_VERSION = 1;
				DEVELOPMENT_TEAM = 274M6WJ8NT;
				GENERATE_INFOPLIST_FILE = YES;
				IPHONEOS_DEPLOYMENT_TARGET = 17.0;
				MARKETING_VERSION = 1.0;
				PRODUCT_BUNDLE_IDENTIFIER = com.matteocasu.EssentialAppTests;
				PRODUCT_NAME = "$(TARGET_NAME)";
				SWIFT_EMIT_LOC_STRINGS = NO;
				SWIFT_OPTIMIZATION_LEVEL = "-Onone";
				SWIFT_VERSION = 5.0;
				TARGETED_DEVICE_FAMILY = "1,2";
				TEST_HOST = "$(BUILT_PRODUCTS_DIR)/EssentialApp.app/$(BUNDLE_EXECUTABLE_FOLDER_PATH)/EssentialApp";
			};
			name = Debug;
		};
		857241252B5D870A0033CDD3 /* Release */ = {
			isa = XCBuildConfiguration;
			buildSettings = {
				ALWAYS_EMBED_SWIFT_STANDARD_LIBRARIES = YES;
				BUNDLE_LOADER = "$(TEST_HOST)";
				CLANG_ENABLE_MODULES = YES;
				CODE_SIGN_STYLE = Automatic;
				CURRENT_PROJECT_VERSION = 1;
				DEVELOPMENT_TEAM = 274M6WJ8NT;
				GENERATE_INFOPLIST_FILE = YES;
				IPHONEOS_DEPLOYMENT_TARGET = 17.0;
				MARKETING_VERSION = 1.0;
				PRODUCT_BUNDLE_IDENTIFIER = com.matteocasu.EssentialAppTests;
				PRODUCT_NAME = "$(TARGET_NAME)";
				SWIFT_EMIT_LOC_STRINGS = NO;
				SWIFT_VERSION = 5.0;
				TARGETED_DEVICE_FAMILY = "1,2";
				TEST_HOST = "$(BUILT_PRODUCTS_DIR)/EssentialApp.app/$(BUNDLE_EXECUTABLE_FOLDER_PATH)/EssentialApp";
			};
			name = Release;
		};
/* End XCBuildConfiguration section */

/* Begin XCConfigurationList section */
		857240F12B5D87080033CDD3 /* Build configuration list for PBXProject "EssentialApp" */ = {
			isa = XCConfigurationList;
			buildConfigurations = (
				8572411E2B5D870A0033CDD3 /* Debug */,
				8572411F2B5D870A0033CDD3 /* Release */,
			);
			defaultConfigurationIsVisible = 0;
			defaultConfigurationName = Release;
		};
		857241202B5D870A0033CDD3 /* Build configuration list for PBXNativeTarget "EssentialApp" */ = {
			isa = XCConfigurationList;
			buildConfigurations = (
				857241212B5D870A0033CDD3 /* Debug */,
				857241222B5D870A0033CDD3 /* Release */,
			);
			defaultConfigurationIsVisible = 0;
			defaultConfigurationName = Release;
		};
		857241232B5D870A0033CDD3 /* Build configuration list for PBXNativeTarget "EssentialAppTests" */ = {
			isa = XCConfigurationList;
			buildConfigurations = (
				857241242B5D870A0033CDD3 /* Debug */,
				857241252B5D870A0033CDD3 /* Release */,
			);
			defaultConfigurationIsVisible = 0;
			defaultConfigurationName = Release;
		};
/* End XCConfigurationList section */
	};
	rootObject = 857240EE2B5D87080033CDD3 /* Project object */;
}
