// !$*UTF8*$!
{
	archiveVersion = 1;
	classes = {
	};
	objectVersion = 56;
	objects = {

/* Begin PBXBuildFile section */
		8513C1752ACE8ECD0095989C /* MyEssentialFeed.framework in Frameworks */ = {isa = PBXBuildFile; fileRef = 8513C16C2ACE8ECD0095989C /* MyEssentialFeed.framework */; };
		8513C17B2ACE8ECD0095989C /* MyEssentialFeed.h in Headers */ = {isa = PBXBuildFile; fileRef = 8513C16F2ACE8ECD0095989C /* MyEssentialFeed.h */; settings = {ATTRIBUTES = (Public, ); }; };
		8513C1852ACE8EE70095989C /* FeedItem.swift in Sources */ = {isa = PBXBuildFile; fileRef = 8513C1842ACE8EE70095989C /* FeedItem.swift */; };
		8513C1872ACE903A0095989C /* FeedLoader.swift in Sources */ = {isa = PBXBuildFile; fileRef = 8513C1862ACE903A0095989C /* FeedLoader.swift */; };
		8513C18A2AD04A9E0095989C /* LoadFeedFromRemoteUseCaseTests.swift in Sources */ = {isa = PBXBuildFile; fileRef = 8513C1892AD04A9E0095989C /* LoadFeedFromRemoteUseCaseTests.swift */; };
		8513C18D2AD05F350095989C /* RemoteFeedLoader.swift in Sources */ = {isa = PBXBuildFile; fileRef = 8513C18C2AD05F350095989C /* RemoteFeedLoader.swift */; };
		8537E9172AE8181300114370 /* CacheFeedUseCaseTests.swift in Sources */ = {isa = PBXBuildFile; fileRef = 8537E9162AE8181300114370 /* CacheFeedUseCaseTests.swift */; };
		854CDA9B2ADAE1E0000CC9EC /* MyEssentialFeedAPIEndToEndTests.swift in Sources */ = {isa = PBXBuildFile; fileRef = 854CDA9A2ADAE1E0000CC9EC /* MyEssentialFeedAPIEndToEndTests.swift */; };
		854CDA9C2ADAE1E0000CC9EC /* MyEssentialFeed.framework in Frameworks */ = {isa = PBXBuildFile; fileRef = 8513C16C2ACE8ECD0095989C /* MyEssentialFeed.framework */; };
		854CDAA22ADAECB4000CC9EC /* XCTestCase+MemoryLeakTrackingHelper.swift in Sources */ = {isa = PBXBuildFile; fileRef = 856B3F232AD865250079FA82 /* XCTestCase+MemoryLeakTrackingHelper.swift */; };
		856B3F242AD865250079FA82 /* XCTestCase+MemoryLeakTrackingHelper.swift in Sources */ = {isa = PBXBuildFile; fileRef = 856B3F232AD865250079FA82 /* XCTestCase+MemoryLeakTrackingHelper.swift */; };
		859DC1C12AD46000008DFD8C /* HTTPClient.swift in Sources */ = {isa = PBXBuildFile; fileRef = 859DC1C02AD45FFF008DFD8C /* HTTPClient.swift */; };
		859DC1C32AD46049008DFD8C /* FeedItemsMapper.swift in Sources */ = {isa = PBXBuildFile; fileRef = 859DC1C22AD46049008DFD8C /* FeedItemsMapper.swift */; };
		859DC1C62AD646C7008DFD8C /* URLSessionHTTPClientTests.swift in Sources */ = {isa = PBXBuildFile; fileRef = 859DC1C52AD646C7008DFD8C /* URLSessionHTTPClientTests.swift */; };
		85DA273B2AD9A3E7002A62F4 /* URLSessionHTTPClient.swift in Sources */ = {isa = PBXBuildFile; fileRef = 85DA273A2AD9A3E7002A62F4 /* URLSessionHTTPClient.swift */; };
/* End PBXBuildFile section */

/* Begin PBXContainerItemProxy section */
		8513C1762ACE8ECD0095989C /* PBXContainerItemProxy */ = {
			isa = PBXContainerItemProxy;
			containerPortal = 8513C1632ACE8ECD0095989C /* Project object */;
			proxyType = 1;
			remoteGlobalIDString = 8513C16B2ACE8ECD0095989C;
			remoteInfo = MyEssentialFeed;
		};
		854CDA9D2ADAE1E0000CC9EC /* PBXContainerItemProxy */ = {
			isa = PBXContainerItemProxy;
			containerPortal = 8513C1632ACE8ECD0095989C /* Project object */;
			proxyType = 1;
			remoteGlobalIDString = 8513C16B2ACE8ECD0095989C;
			remoteInfo = MyEssentialFeed;
		};
/* End PBXContainerItemProxy section */

/* Begin PBXFileReference section */
		8513C16C2ACE8ECD0095989C /* MyEssentialFeed.framework */ = {isa = PBXFileReference; explicitFileType = wrapper.framework; includeInIndex = 0; path = MyEssentialFeed.framework; sourceTree = BUILT_PRODUCTS_DIR; };
		8513C16F2ACE8ECD0095989C /* MyEssentialFeed.h */ = {isa = PBXFileReference; lastKnownFileType = sourcecode.c.h; path = MyEssentialFeed.h; sourceTree = "<group>"; };
		8513C1742ACE8ECD0095989C /* MyEssentialFeedTests.xctest */ = {isa = PBXFileReference; explicitFileType = wrapper.cfbundle; includeInIndex = 0; path = MyEssentialFeedTests.xctest; sourceTree = BUILT_PRODUCTS_DIR; };
		8513C1842ACE8EE70095989C /* FeedItem.swift */ = {isa = PBXFileReference; lastKnownFileType = sourcecode.swift; path = FeedItem.swift; sourceTree = "<group>"; };
		8513C1862ACE903A0095989C /* FeedLoader.swift */ = {isa = PBXFileReference; lastKnownFileType = sourcecode.swift; path = FeedLoader.swift; sourceTree = "<group>"; };
		8513C1892AD04A9E0095989C /* LoadFeedFromRemoteUseCaseTests.swift */ = {isa = PBXFileReference; lastKnownFileType = sourcecode.swift; path = LoadFeedFromRemoteUseCaseTests.swift; sourceTree = "<group>"; };
		8513C18C2AD05F350095989C /* RemoteFeedLoader.swift */ = {isa = PBXFileReference; lastKnownFileType = sourcecode.swift; path = RemoteFeedLoader.swift; sourceTree = "<group>"; };
		8537E9162AE8181300114370 /* CacheFeedUseCaseTests.swift */ = {isa = PBXFileReference; lastKnownFileType = sourcecode.swift; path = CacheFeedUseCaseTests.swift; sourceTree = "<group>"; };
		854410382ADAF0D800F6A68D /* CI.xctestplan */ = {isa = PBXFileReference; lastKnownFileType = text; path = CI.xctestplan; sourceTree = "<group>"; };
		854CDA932AD9C1AC000CC9EC /* MyEssentialFeed.xctestplan */ = {isa = PBXFileReference; lastKnownFileType = text; path = MyEssentialFeed.xctestplan; sourceTree = "<group>"; };
		854CDA982ADAE1E0000CC9EC /* MyEssentialFeedAPIEndToEndTests.xctest */ = {isa = PBXFileReference; explicitFileType = wrapper.cfbundle; includeInIndex = 0; path = MyEssentialFeedAPIEndToEndTests.xctest; sourceTree = BUILT_PRODUCTS_DIR; };
		854CDA9A2ADAE1E0000CC9EC /* MyEssentialFeedAPIEndToEndTests.swift */ = {isa = PBXFileReference; lastKnownFileType = sourcecode.swift; path = MyEssentialFeedAPIEndToEndTests.swift; sourceTree = "<group>"; };
		856B3F232AD865250079FA82 /* XCTestCase+MemoryLeakTrackingHelper.swift */ = {isa = PBXFileReference; lastKnownFileType = sourcecode.swift; path = "XCTestCase+MemoryLeakTrackingHelper.swift"; sourceTree = "<group>"; };
		859DC1C02AD45FFF008DFD8C /* HTTPClient.swift */ = {isa = PBXFileReference; lastKnownFileType = sourcecode.swift; path = HTTPClient.swift; sourceTree = "<group>"; };
		859DC1C22AD46049008DFD8C /* FeedItemsMapper.swift */ = {isa = PBXFileReference; lastKnownFileType = sourcecode.swift; path = FeedItemsMapper.swift; sourceTree = "<group>"; };
		859DC1C52AD646C7008DFD8C /* URLSessionHTTPClientTests.swift */ = {isa = PBXFileReference; lastKnownFileType = sourcecode.swift; path = URLSessionHTTPClientTests.swift; sourceTree = "<group>"; };
		85DA273A2AD9A3E7002A62F4 /* URLSessionHTTPClient.swift */ = {isa = PBXFileReference; lastKnownFileType = sourcecode.swift; path = URLSessionHTTPClient.swift; sourceTree = "<group>"; };
/* End PBXFileReference section */

/* Begin PBXFrameworksBuildPhase section */
		8513C1692ACE8ECD0095989C /* Frameworks */ = {
			isa = PBXFrameworksBuildPhase;
			buildActionMask = 2147483647;
			files = (
			);
			runOnlyForDeploymentPostprocessing = 0;
		};
		8513C1712ACE8ECD0095989C /* Frameworks */ = {
			isa = PBXFrameworksBuildPhase;
			buildActionMask = 2147483647;
			files = (
				8513C1752ACE8ECD0095989C /* MyEssentialFeed.framework in Frameworks */,
			);
			runOnlyForDeploymentPostprocessing = 0;
		};
		854CDA952ADAE1E0000CC9EC /* Frameworks */ = {
			isa = PBXFrameworksBuildPhase;
			buildActionMask = 2147483647;
			files = (
				854CDA9C2ADAE1E0000CC9EC /* MyEssentialFeed.framework in Frameworks */,
			);
			runOnlyForDeploymentPostprocessing = 0;
		};
/* End PBXFrameworksBuildPhase section */

/* Begin PBXGroup section */
		8513C1622ACE8ECD0095989C = {
			isa = PBXGroup;
			children = (
				854410382ADAF0D800F6A68D /* CI.xctestplan */,
				854CDA932AD9C1AC000CC9EC /* MyEssentialFeed.xctestplan */,
				8513C16E2ACE8ECD0095989C /* MyEssentialFeed */,
				8513C1782ACE8ECD0095989C /* MyEssentialFeedTests */,
				854CDA992ADAE1E0000CC9EC /* MyEssentialFeedAPIEndToEndTests */,
				8513C16D2ACE8ECD0095989C /* Products */,
			);
			sourceTree = "<group>";
		};
		8513C16D2ACE8ECD0095989C /* Products */ = {
			isa = PBXGroup;
			children = (
				8513C16C2ACE8ECD0095989C /* MyEssentialFeed.framework */,
				8513C1742ACE8ECD0095989C /* MyEssentialFeedTests.xctest */,
				854CDA982ADAE1E0000CC9EC /* MyEssentialFeedAPIEndToEndTests.xctest */,
			);
			name = Products;
			sourceTree = "<group>";
		};
		8513C16E2ACE8ECD0095989C /* MyEssentialFeed */ = {
			isa = PBXGroup;
			children = (
				8513C16F2ACE8ECD0095989C /* MyEssentialFeed.h */,
				8513C1882ACE91920095989C /* Feed Feature */,
				8513C18B2AD05F1C0095989C /* Feed API */,
			);
			path = MyEssentialFeed;
			sourceTree = "<group>";
		};
		8513C1782ACE8ECD0095989C /* MyEssentialFeedTests */ = {
			isa = PBXGroup;
			children = (
				856B3F222AD864F70079FA82 /* Helpers */,
				8537E9152AE817E700114370 /* Feed Cache */,
				859DC1C42AD5255C008DFD8C /* Feed API */,
			);
			path = MyEssentialFeedTests;
			sourceTree = "<group>";
		};
		8513C1882ACE91920095989C /* Feed Feature */ = {
			isa = PBXGroup;
			children = (
				8513C1842ACE8EE70095989C /* FeedItem.swift */,
				8513C1862ACE903A0095989C /* FeedLoader.swift */,
			);
			path = "Feed Feature";
			sourceTree = "<group>";
		};
		8513C18B2AD05F1C0095989C /* Feed API */ = {
			isa = PBXGroup;
			children = (
				8513C18C2AD05F350095989C /* RemoteFeedLoader.swift */,
				859DC1C02AD45FFF008DFD8C /* HTTPClient.swift */,
				859DC1C22AD46049008DFD8C /* FeedItemsMapper.swift */,
				85DA273A2AD9A3E7002A62F4 /* URLSessionHTTPClient.swift */,
			);
			path = "Feed API";
			sourceTree = "<group>";
		};
		8537E9152AE817E700114370 /* Feed Cache */ = {
			isa = PBXGroup;
			children = (
				8537E9162AE8181300114370 /* CacheFeedUseCaseTests.swift */,
			);
			path = "Feed Cache";
			sourceTree = "<group>";
		};
		854CDA992ADAE1E0000CC9EC /* MyEssentialFeedAPIEndToEndTests */ = {
			isa = PBXGroup;
			children = (
				854CDA9A2ADAE1E0000CC9EC /* MyEssentialFeedAPIEndToEndTests.swift */,
			);
			path = MyEssentialFeedAPIEndToEndTests;
			sourceTree = "<group>";
		};
		856B3F222AD864F70079FA82 /* Helpers */ = {
			isa = PBXGroup;
			children = (
				856B3F232AD865250079FA82 /* XCTestCase+MemoryLeakTrackingHelper.swift */,
			);
			path = Helpers;
			sourceTree = "<group>";
		};
		859DC1C42AD5255C008DFD8C /* Feed API */ = {
			isa = PBXGroup;
			children = (
				8513C1892AD04A9E0095989C /* LoadFeedFromRemoteUseCaseTests.swift */,
				859DC1C52AD646C7008DFD8C /* URLSessionHTTPClientTests.swift */,
			);
			path = "Feed API";
			sourceTree = "<group>";
		};
/* End PBXGroup section */

/* Begin PBXHeadersBuildPhase section */
		8513C1672ACE8ECD0095989C /* Headers */ = {
			isa = PBXHeadersBuildPhase;
			buildActionMask = 2147483647;
			files = (
				8513C17B2ACE8ECD0095989C /* MyEssentialFeed.h in Headers */,
			);
			runOnlyForDeploymentPostprocessing = 0;
		};
/* End PBXHeadersBuildPhase section */

/* Begin PBXNativeTarget section */
		8513C16B2ACE8ECD0095989C /* MyEssentialFeed */ = {
			isa = PBXNativeTarget;
			buildConfigurationList = 8513C17E2ACE8ECD0095989C /* Build configuration list for PBXNativeTarget "MyEssentialFeed" */;
			buildPhases = (
				8513C1672ACE8ECD0095989C /* Headers */,
				8513C1682ACE8ECD0095989C /* Sources */,
				8513C1692ACE8ECD0095989C /* Frameworks */,
				8513C16A2ACE8ECD0095989C /* Resources */,
			);
			buildRules = (
			);
			dependencies = (
			);
			name = MyEssentialFeed;
			productName = MyEssentialFeed;
			productReference = 8513C16C2ACE8ECD0095989C /* MyEssentialFeed.framework */;
			productType = "com.apple.product-type.framework";
		};
		8513C1732ACE8ECD0095989C /* MyEssentialFeedTests */ = {
			isa = PBXNativeTarget;
			buildConfigurationList = 8513C1812ACE8ECD0095989C /* Build configuration list for PBXNativeTarget "MyEssentialFeedTests" */;
			buildPhases = (
				8513C1702ACE8ECD0095989C /* Sources */,
				8513C1712ACE8ECD0095989C /* Frameworks */,
				8513C1722ACE8ECD0095989C /* Resources */,
			);
			buildRules = (
			);
			dependencies = (
				8513C1772ACE8ECD0095989C /* PBXTargetDependency */,
			);
			name = MyEssentialFeedTests;
			productName = MyEssentialFeedTests;
			productReference = 8513C1742ACE8ECD0095989C /* MyEssentialFeedTests.xctest */;
			productType = "com.apple.product-type.bundle.unit-test";
		};
		854CDA972ADAE1E0000CC9EC /* MyEssentialFeedAPIEndToEndTests */ = {
			isa = PBXNativeTarget;
			buildConfigurationList = 854CDA9F2ADAE1E0000CC9EC /* Build configuration list for PBXNativeTarget "MyEssentialFeedAPIEndToEndTests" */;
			buildPhases = (
				854CDA942ADAE1E0000CC9EC /* Sources */,
				854CDA952ADAE1E0000CC9EC /* Frameworks */,
				854CDA962ADAE1E0000CC9EC /* Resources */,
			);
			buildRules = (
			);
			dependencies = (
				854CDA9E2ADAE1E0000CC9EC /* PBXTargetDependency */,
			);
			name = MyEssentialFeedAPIEndToEndTests;
			productName = MyEssentialFeedAPIEndToEndTests;
			productReference = 854CDA982ADAE1E0000CC9EC /* MyEssentialFeedAPIEndToEndTests.xctest */;
			productType = "com.apple.product-type.bundle.unit-test";
		};
/* End PBXNativeTarget section */

/* Begin PBXProject section */
		8513C1632ACE8ECD0095989C /* Project object */ = {
			isa = PBXProject;
			attributes = {
				BuildIndependentTargetsInParallel = 1;
				LastSwiftUpdateCheck = 1430;
				LastUpgradeCheck = 1430;
				TargetAttributes = {
					8513C16B2ACE8ECD0095989C = {
						CreatedOnToolsVersion = 14.3.1;
						LastSwiftMigration = 1430;
					};
					8513C1732ACE8ECD0095989C = {
						CreatedOnToolsVersion = 14.3.1;
					};
					854CDA972ADAE1E0000CC9EC = {
						CreatedOnToolsVersion = 14.3.1;
					};
				};
			};
			buildConfigurationList = 8513C1662ACE8ECD0095989C /* Build configuration list for PBXProject "MyEssentialFeed" */;
			compatibilityVersion = "Xcode 14.0";
			developmentRegion = en;
			hasScannedForEncodings = 0;
			knownRegions = (
				en,
				Base,
			);
			mainGroup = 8513C1622ACE8ECD0095989C;
			productRefGroup = 8513C16D2ACE8ECD0095989C /* Products */;
			projectDirPath = "";
			projectRoot = "";
			targets = (
				8513C16B2ACE8ECD0095989C /* MyEssentialFeed */,
				8513C1732ACE8ECD0095989C /* MyEssentialFeedTests */,
				854CDA972ADAE1E0000CC9EC /* MyEssentialFeedAPIEndToEndTests */,
			);
		};
/* End PBXProject section */

/* Begin PBXResourcesBuildPhase section */
		8513C16A2ACE8ECD0095989C /* Resources */ = {
			isa = PBXResourcesBuildPhase;
			buildActionMask = 2147483647;
			files = (
			);
			runOnlyForDeploymentPostprocessing = 0;
		};
		8513C1722ACE8ECD0095989C /* Resources */ = {
			isa = PBXResourcesBuildPhase;
			buildActionMask = 2147483647;
			files = (
			);
			runOnlyForDeploymentPostprocessing = 0;
		};
		854CDA962ADAE1E0000CC9EC /* Resources */ = {
			isa = PBXResourcesBuildPhase;
			buildActionMask = 2147483647;
			files = (
			);
			runOnlyForDeploymentPostprocessing = 0;
		};
/* End PBXResourcesBuildPhase section */

/* Begin PBXSourcesBuildPhase section */
		8513C1682ACE8ECD0095989C /* Sources */ = {
			isa = PBXSourcesBuildPhase;
			buildActionMask = 2147483647;
			files = (
				859DC1C32AD46049008DFD8C /* FeedItemsMapper.swift in Sources */,
				8513C1872ACE903A0095989C /* FeedLoader.swift in Sources */,
				8513C18D2AD05F350095989C /* RemoteFeedLoader.swift in Sources */,
				859DC1C12AD46000008DFD8C /* HTTPClient.swift in Sources */,
				8513C1852ACE8EE70095989C /* FeedItem.swift in Sources */,
				85DA273B2AD9A3E7002A62F4 /* URLSessionHTTPClient.swift in Sources */,
			);
			runOnlyForDeploymentPostprocessing = 0;
		};
		8513C1702ACE8ECD0095989C /* Sources */ = {
			isa = PBXSourcesBuildPhase;
			buildActionMask = 2147483647;
			files = (
				8513C18A2AD04A9E0095989C /* LoadFeedFromRemoteUseCaseTests.swift in Sources */,
				856B3F242AD865250079FA82 /* XCTestCase+MemoryLeakTrackingHelper.swift in Sources */,
				8537E9172AE8181300114370 /* CacheFeedUseCaseTests.swift in Sources */,
				859DC1C62AD646C7008DFD8C /* URLSessionHTTPClientTests.swift in Sources */,
			);
			runOnlyForDeploymentPostprocessing = 0;
		};
		854CDA942ADAE1E0000CC9EC /* Sources */ = {
			isa = PBXSourcesBuildPhase;
			buildActionMask = 2147483647;
			files = (
				854CDA9B2ADAE1E0000CC9EC /* MyEssentialFeedAPIEndToEndTests.swift in Sources */,
				854CDAA22ADAECB4000CC9EC /* XCTestCase+MemoryLeakTrackingHelper.swift in Sources */,
			);
			runOnlyForDeploymentPostprocessing = 0;
		};
/* End PBXSourcesBuildPhase section */

/* Begin PBXTargetDependency section */
		8513C1772ACE8ECD0095989C /* PBXTargetDependency */ = {
			isa = PBXTargetDependency;
			target = 8513C16B2ACE8ECD0095989C /* MyEssentialFeed */;
			targetProxy = 8513C1762ACE8ECD0095989C /* PBXContainerItemProxy */;
		};
		854CDA9E2ADAE1E0000CC9EC /* PBXTargetDependency */ = {
			isa = PBXTargetDependency;
			target = 8513C16B2ACE8ECD0095989C /* MyEssentialFeed */;
			targetProxy = 854CDA9D2ADAE1E0000CC9EC /* PBXContainerItemProxy */;
		};
/* End PBXTargetDependency section */

/* Begin XCBuildConfiguration section */
		8513C17C2ACE8ECD0095989C /* Debug */ = {
			isa = XCBuildConfiguration;
			buildSettings = {
				ALWAYS_SEARCH_USER_PATHS = NO;
				CLANG_ANALYZER_NONNULL = YES;
				CLANG_ANALYZER_NUMBER_OBJECT_CONVERSION = YES_AGGRESSIVE;
				CLANG_CXX_LANGUAGE_STANDARD = "gnu++20";
				CLANG_ENABLE_MODULES = YES;
				CLANG_ENABLE_OBJC_ARC = YES;
				CLANG_ENABLE_OBJC_WEAK = YES;
				CLANG_WARN_BLOCK_CAPTURE_AUTORELEASING = YES;
				CLANG_WARN_BOOL_CONVERSION = YES;
				CLANG_WARN_COMMA = YES;
				CLANG_WARN_CONSTANT_CONVERSION = YES;
				CLANG_WARN_DEPRECATED_OBJC_IMPLEMENTATIONS = YES;
				CLANG_WARN_DIRECT_OBJC_ISA_USAGE = YES_ERROR;
				CLANG_WARN_DOCUMENTATION_COMMENTS = YES;
				CLANG_WARN_EMPTY_BODY = YES;
				CLANG_WARN_ENUM_CONVERSION = YES;
				CLANG_WARN_INFINITE_RECURSION = YES;
				CLANG_WARN_INT_CONVERSION = YES;
				CLANG_WARN_NON_LITERAL_NULL_CONVERSION = YES;
				CLANG_WARN_OBJC_IMPLICIT_RETAIN_SELF = YES;
				CLANG_WARN_OBJC_LITERAL_CONVERSION = YES;
				CLANG_WARN_OBJC_ROOT_CLASS = YES_ERROR;
				CLANG_WARN_QUOTED_INCLUDE_IN_FRAMEWORK_HEADER = YES;
				CLANG_WARN_RANGE_LOOP_ANALYSIS = YES;
				CLANG_WARN_STRICT_PROTOTYPES = YES;
				CLANG_WARN_SUSPICIOUS_MOVE = YES;
				CLANG_WARN_UNGUARDED_AVAILABILITY = YES_AGGRESSIVE;
				CLANG_WARN_UNREACHABLE_CODE = YES;
				CLANG_WARN__DUPLICATE_METHOD_MATCH = YES;
				COPY_PHASE_STRIP = NO;
				CURRENT_PROJECT_VERSION = 1;
				DEBUG_INFORMATION_FORMAT = dwarf;
				ENABLE_STRICT_OBJC_MSGSEND = YES;
				ENABLE_TESTABILITY = YES;
				GCC_C_LANGUAGE_STANDARD = gnu11;
				GCC_DYNAMIC_NO_PIC = NO;
				GCC_NO_COMMON_BLOCKS = YES;
				GCC_OPTIMIZATION_LEVEL = 0;
				GCC_PREPROCESSOR_DEFINITIONS = (
					"DEBUG=1",
					"$(inherited)",
				);
				GCC_WARN_64_TO_32_BIT_CONVERSION = YES;
				GCC_WARN_ABOUT_RETURN_TYPE = YES_ERROR;
				GCC_WARN_UNDECLARED_SELECTOR = YES;
				GCC_WARN_UNINITIALIZED_AUTOS = YES_AGGRESSIVE;
				GCC_WARN_UNUSED_FUNCTION = YES;
				GCC_WARN_UNUSED_VARIABLE = YES;
				MACOSX_DEPLOYMENT_TARGET = 13.3;
				MTL_ENABLE_DEBUG_INFO = INCLUDE_SOURCE;
				MTL_FAST_MATH = YES;
				ONLY_ACTIVE_ARCH = YES;
				SDKROOT = macosx;
				SWIFT_ACTIVE_COMPILATION_CONDITIONS = DEBUG;
				SWIFT_OPTIMIZATION_LEVEL = "-Onone";
				VERSIONING_SYSTEM = "apple-generic";
				VERSION_INFO_PREFIX = "";
			};
			name = Debug;
		};
		8513C17D2ACE8ECD0095989C /* Release */ = {
			isa = XCBuildConfiguration;
			buildSettings = {
				ALWAYS_SEARCH_USER_PATHS = NO;
				CLANG_ANALYZER_NONNULL = YES;
				CLANG_ANALYZER_NUMBER_OBJECT_CONVERSION = YES_AGGRESSIVE;
				CLANG_CXX_LANGUAGE_STANDARD = "gnu++20";
				CLANG_ENABLE_MODULES = YES;
				CLANG_ENABLE_OBJC_ARC = YES;
				CLANG_ENABLE_OBJC_WEAK = YES;
				CLANG_WARN_BLOCK_CAPTURE_AUTORELEASING = YES;
				CLANG_WARN_BOOL_CONVERSION = YES;
				CLANG_WARN_COMMA = YES;
				CLANG_WARN_CONSTANT_CONVERSION = YES;
				CLANG_WARN_DEPRECATED_OBJC_IMPLEMENTATIONS = YES;
				CLANG_WARN_DIRECT_OBJC_ISA_USAGE = YES_ERROR;
				CLANG_WARN_DOCUMENTATION_COMMENTS = YES;
				CLANG_WARN_EMPTY_BODY = YES;
				CLANG_WARN_ENUM_CONVERSION = YES;
				CLANG_WARN_INFINITE_RECURSION = YES;
				CLANG_WARN_INT_CONVERSION = YES;
				CLANG_WARN_NON_LITERAL_NULL_CONVERSION = YES;
				CLANG_WARN_OBJC_IMPLICIT_RETAIN_SELF = YES;
				CLANG_WARN_OBJC_LITERAL_CONVERSION = YES;
				CLANG_WARN_OBJC_ROOT_CLASS = YES_ERROR;
				CLANG_WARN_QUOTED_INCLUDE_IN_FRAMEWORK_HEADER = YES;
				CLANG_WARN_RANGE_LOOP_ANALYSIS = YES;
				CLANG_WARN_STRICT_PROTOTYPES = YES;
				CLANG_WARN_SUSPICIOUS_MOVE = YES;
				CLANG_WARN_UNGUARDED_AVAILABILITY = YES_AGGRESSIVE;
				CLANG_WARN_UNREACHABLE_CODE = YES;
				CLANG_WARN__DUPLICATE_METHOD_MATCH = YES;
				COPY_PHASE_STRIP = NO;
				CURRENT_PROJECT_VERSION = 1;
				DEBUG_INFORMATION_FORMAT = "dwarf-with-dsym";
				ENABLE_NS_ASSERTIONS = NO;
				ENABLE_STRICT_OBJC_MSGSEND = YES;
				GCC_C_LANGUAGE_STANDARD = gnu11;
				GCC_NO_COMMON_BLOCKS = YES;
				GCC_WARN_64_TO_32_BIT_CONVERSION = YES;
				GCC_WARN_ABOUT_RETURN_TYPE = YES_ERROR;
				GCC_WARN_UNDECLARED_SELECTOR = YES;
				GCC_WARN_UNINITIALIZED_AUTOS = YES_AGGRESSIVE;
				GCC_WARN_UNUSED_FUNCTION = YES;
				GCC_WARN_UNUSED_VARIABLE = YES;
				MACOSX_DEPLOYMENT_TARGET = 13.3;
				MTL_ENABLE_DEBUG_INFO = NO;
				MTL_FAST_MATH = YES;
				SDKROOT = macosx;
				SWIFT_COMPILATION_MODE = wholemodule;
				SWIFT_OPTIMIZATION_LEVEL = "-O";
				VERSIONING_SYSTEM = "apple-generic";
				VERSION_INFO_PREFIX = "";
			};
			name = Release;
		};
		8513C17F2ACE8ECD0095989C /* Debug */ = {
			isa = XCBuildConfiguration;
			buildSettings = {
				CLANG_ENABLE_MODULES = YES;
				CODE_SIGN_STYLE = Automatic;
				COMBINE_HIDPI_IMAGES = YES;
				CURRENT_PROJECT_VERSION = 1;
				DEFINES_MODULE = YES;
				DEVELOPMENT_TEAM = 274M6WJ8NT;
				DYLIB_COMPATIBILITY_VERSION = 1;
				DYLIB_CURRENT_VERSION = 1;
				DYLIB_INSTALL_NAME_BASE = "@rpath";
				ENABLE_MODULE_VERIFIER = YES;
				GENERATE_INFOPLIST_FILE = YES;
				INFOPLIST_KEY_NSHumanReadableCopyright = "";
				INSTALL_PATH = "$(LOCAL_LIBRARY_DIR)/Frameworks";
				LD_RUNPATH_SEARCH_PATHS = (
					"$(inherited)",
					"@executable_path/../Frameworks",
					"@loader_path/Frameworks",
				);
				MACOSX_DEPLOYMENT_TARGET = 12.4;
				MARKETING_VERSION = 1.0;
				MODULE_VERIFIER_SUPPORTED_LANGUAGES = "objective-c objective-c++";
				MODULE_VERIFIER_SUPPORTED_LANGUAGE_STANDARDS = "gnu11 gnu++20";
				PRODUCT_BUNDLE_IDENTIFIER = com.matteocasu.MyEssentialFeed;
				PRODUCT_NAME = "$(TARGET_NAME:c99extidentifier)";
				SKIP_INSTALL = YES;
				SWIFT_EMIT_LOC_STRINGS = YES;
				SWIFT_OPTIMIZATION_LEVEL = "-Onone";
				SWIFT_VERSION = 5.0;
			};
			name = Debug;
		};
		8513C1802ACE8ECD0095989C /* Release */ = {
			isa = XCBuildConfiguration;
			buildSettings = {
				CLANG_ENABLE_MODULES = YES;
				CODE_SIGN_STYLE = Automatic;
				COMBINE_HIDPI_IMAGES = YES;
				CURRENT_PROJECT_VERSION = 1;
				DEFINES_MODULE = YES;
				DEVELOPMENT_TEAM = 274M6WJ8NT;
				DYLIB_COMPATIBILITY_VERSION = 1;
				DYLIB_CURRENT_VERSION = 1;
				DYLIB_INSTALL_NAME_BASE = "@rpath";
				ENABLE_MODULE_VERIFIER = YES;
				GENERATE_INFOPLIST_FILE = YES;
				INFOPLIST_KEY_NSHumanReadableCopyright = "";
				INSTALL_PATH = "$(LOCAL_LIBRARY_DIR)/Frameworks";
				LD_RUNPATH_SEARCH_PATHS = (
					"$(inherited)",
					"@executable_path/../Frameworks",
					"@loader_path/Frameworks",
				);
				MACOSX_DEPLOYMENT_TARGET = 12.4;
				MARKETING_VERSION = 1.0;
				MODULE_VERIFIER_SUPPORTED_LANGUAGES = "objective-c objective-c++";
				MODULE_VERIFIER_SUPPORTED_LANGUAGE_STANDARDS = "gnu11 gnu++20";
				PRODUCT_BUNDLE_IDENTIFIER = com.matteocasu.MyEssentialFeed;
				PRODUCT_NAME = "$(TARGET_NAME:c99extidentifier)";
				SKIP_INSTALL = YES;
				SWIFT_EMIT_LOC_STRINGS = YES;
				SWIFT_VERSION = 5.0;
			};
			name = Release;
		};
		8513C1822ACE8ECD0095989C /* Debug */ = {
			isa = XCBuildConfiguration;
			buildSettings = {
				ALWAYS_EMBED_SWIFT_STANDARD_LIBRARIES = YES;
				CODE_SIGN_STYLE = Automatic;
				CURRENT_PROJECT_VERSION = 1;
				DEVELOPMENT_TEAM = 274M6WJ8NT;
				GENERATE_INFOPLIST_FILE = YES;
				MACOSX_DEPLOYMENT_TARGET = 12.4;
				MARKETING_VERSION = 1.0;
				PRODUCT_BUNDLE_IDENTIFIER = com.matteocasu.MyEssentialFeedTests;
				PRODUCT_NAME = "$(TARGET_NAME)";
				SWIFT_EMIT_LOC_STRINGS = NO;
				SWIFT_VERSION = 5.0;
			};
			name = Debug;
		};
		8513C1832ACE8ECD0095989C /* Release */ = {
			isa = XCBuildConfiguration;
			buildSettings = {
				ALWAYS_EMBED_SWIFT_STANDARD_LIBRARIES = YES;
				CODE_SIGN_STYLE = Automatic;
				CURRENT_PROJECT_VERSION = 1;
				DEVELOPMENT_TEAM = 274M6WJ8NT;
				GENERATE_INFOPLIST_FILE = YES;
				MACOSX_DEPLOYMENT_TARGET = 12.4;
				MARKETING_VERSION = 1.0;
				PRODUCT_BUNDLE_IDENTIFIER = com.matteocasu.MyEssentialFeedTests;
				PRODUCT_NAME = "$(TARGET_NAME)";
				SWIFT_EMIT_LOC_STRINGS = NO;
				SWIFT_VERSION = 5.0;
			};
			name = Release;
		};
		854CDAA02ADAE1E0000CC9EC /* Debug */ = {
			isa = XCBuildConfiguration;
			buildSettings = {
				CODE_SIGN_STYLE = Automatic;
				CURRENT_PROJECT_VERSION = 1;
				DEVELOPMENT_TEAM = 274M6WJ8NT;
				GENERATE_INFOPLIST_FILE = YES;
				MACOSX_DEPLOYMENT_TARGET = 12.4;
				MARKETING_VERSION = 1.0;
				PRODUCT_BUNDLE_IDENTIFIER = com.matteocasu.MyEssentialFeedAPIEndToEndTests;
				PRODUCT_NAME = "$(TARGET_NAME)";
				SWIFT_EMIT_LOC_STRINGS = NO;
				SWIFT_VERSION = 5.0;
			};
			name = Debug;
		};
		854CDAA12ADAE1E0000CC9EC /* Release */ = {
			isa = XCBuildConfiguration;
			buildSettings = {
				CODE_SIGN_STYLE = Automatic;
				CURRENT_PROJECT_VERSION = 1;
				DEVELOPMENT_TEAM = 274M6WJ8NT;
				GENERATE_INFOPLIST_FILE = YES;
				MACOSX_DEPLOYMENT_TARGET = 12.4;
				MARKETING_VERSION = 1.0;
				PRODUCT_BUNDLE_IDENTIFIER = com.matteocasu.MyEssentialFeedAPIEndToEndTests;
				PRODUCT_NAME = "$(TARGET_NAME)";
				SWIFT_EMIT_LOC_STRINGS = NO;
				SWIFT_VERSION = 5.0;
			};
			name = Release;
		};
/* End XCBuildConfiguration section */

/* Begin XCConfigurationList section */
		8513C1662ACE8ECD0095989C /* Build configuration list for PBXProject "MyEssentialFeed" */ = {
			isa = XCConfigurationList;
			buildConfigurations = (
				8513C17C2ACE8ECD0095989C /* Debug */,
				8513C17D2ACE8ECD0095989C /* Release */,
			);
			defaultConfigurationIsVisible = 0;
			defaultConfigurationName = Release;
		};
		8513C17E2ACE8ECD0095989C /* Build configuration list for PBXNativeTarget "MyEssentialFeed" */ = {
			isa = XCConfigurationList;
			buildConfigurations = (
				8513C17F2ACE8ECD0095989C /* Debug */,
				8513C1802ACE8ECD0095989C /* Release */,
			);
			defaultConfigurationIsVisible = 0;
			defaultConfigurationName = Release;
		};
		8513C1812ACE8ECD0095989C /* Build configuration list for PBXNativeTarget "MyEssentialFeedTests" */ = {
			isa = XCConfigurationList;
			buildConfigurations = (
				8513C1822ACE8ECD0095989C /* Debug */,
				8513C1832ACE8ECD0095989C /* Release */,
			);
			defaultConfigurationIsVisible = 0;
			defaultConfigurationName = Release;
		};
		854CDA9F2ADAE1E0000CC9EC /* Build configuration list for PBXNativeTarget "MyEssentialFeedAPIEndToEndTests" */ = {
			isa = XCConfigurationList;
			buildConfigurations = (
				854CDAA02ADAE1E0000CC9EC /* Debug */,
				854CDAA12ADAE1E0000CC9EC /* Release */,
			);
			defaultConfigurationIsVisible = 0;
			defaultConfigurationName = Release;
		};
/* End XCConfigurationList section */
	};
	rootObject = 8513C1632ACE8ECD0095989C /* Project object */;
}
