// !$*UTF8*$!
{
	archiveVersion = 1;
	classes = {
	};
	objectVersion = 56;
	objects = {

/* Begin PBXBuildFile section */
		8513C1752ACE8ECD0095989C /* MyEssentialFeed.framework in Frameworks */ = {isa = PBXBuildFile; fileRef = 8513C16C2ACE8ECD0095989C /* MyEssentialFeed.framework */; };
		8513C17B2ACE8ECD0095989C /* MyEssentialFeed.h in Headers */ = {isa = PBXBuildFile; fileRef = 8513C16F2ACE8ECD0095989C /* MyEssentialFeed.h */; settings = {ATTRIBUTES = (Public, ); }; };
		8513C1852ACE8EE70095989C /* FeedImage.swift in Sources */ = {isa = PBXBuildFile; fileRef = 8513C1842ACE8EE70095989C /* FeedImage.swift */; };
		8513C1872ACE903A0095989C /* FeedLoader.swift in Sources */ = {isa = PBXBuildFile; fileRef = 8513C1862ACE903A0095989C /* FeedLoader.swift */; };
		8513C18A2AD04A9E0095989C /* LoadFeedFromRemoteUseCaseTests.swift in Sources */ = {isa = PBXBuildFile; fileRef = 8513C1892AD04A9E0095989C /* LoadFeedFromRemoteUseCaseTests.swift */; };
		8513C18D2AD05F350095989C /* RemoteFeedLoader.swift in Sources */ = {isa = PBXBuildFile; fileRef = 8513C18C2AD05F350095989C /* RemoteFeedLoader.swift */; };
		8520948C2B12637A0038C7EE /* MyEssentialFeed.framework in Frameworks */ = {isa = PBXBuildFile; fileRef = 8513C16C2ACE8ECD0095989C /* MyEssentialFeed.framework */; platformFilter = ios; };
		8520948D2B12637A0038C7EE /* MyEssentialFeed.framework in Embed Frameworks */ = {isa = PBXBuildFile; fileRef = 8513C16C2ACE8ECD0095989C /* MyEssentialFeed.framework */; platformFilter = ios; settings = {ATTRIBUTES = (CodeSignOnCopy, RemoveHeadersOnCopy, ); }; };
		852094912B12660D0038C7EE /* XCTestCase+MemoryLeakTrackingHelper.swift in Sources */ = {isa = PBXBuildFile; fileRef = 856B3F232AD865250079FA82 /* XCTestCase+MemoryLeakTrackingHelper.swift */; };
		8525F2D72B0FD08C00BD7CCA /* MyEssentialFeediOS.framework in Frameworks */ = {isa = PBXBuildFile; fileRef = 8525F2CF2B0FD08C00BD7CCA /* MyEssentialFeediOS.framework */; };
		852AEFB22B3EAEFD00886E0B /* FeedViewControllerTests+Localization.swift in Sources */ = {isa = PBXBuildFile; fileRef = 852AEFB12B3EAEFD00886E0B /* FeedViewControllerTests+Localization.swift */; };
		852AEFB52B3EB24600886E0B /* Feed.strings in Resources */ = {isa = PBXBuildFile; fileRef = 852AEFB72B3EB24600886E0B /* Feed.strings */; };
		852AEFBB2B409E9B00886E0B /* FeedLocalizationTests.swift in Sources */ = {isa = PBXBuildFile; fileRef = 852AEFBA2B409E9B00886E0B /* FeedLocalizationTests.swift */; };
		852AEFBD2B4543AC00886E0B /* MainQueueDispatchDecorator.swift in Sources */ = {isa = PBXBuildFile; fileRef = 852AEFBC2B4543AC00886E0B /* MainQueueDispatchDecorator.swift */; };
		852AEFBF2B45446000886E0B /* WeakRefVirtualProxy.swift in Sources */ = {isa = PBXBuildFile; fileRef = 852AEFBE2B45446000886E0B /* WeakRefVirtualProxy.swift */; };
		852AEFC12B4544D100886E0B /* FeedImageDataLoaderPresentationAdapter.swift in Sources */ = {isa = PBXBuildFile; fileRef = 852AEFC02B4544D100886E0B /* FeedImageDataLoaderPresentationAdapter.swift */; };
		852AEFC32B4545A300886E0B /* FeedLoaderPresentationAdapter.swift in Sources */ = {isa = PBXBuildFile; fileRef = 852AEFC22B4545A300886E0B /* FeedLoaderPresentationAdapter.swift */; };
		852AEFC52B45466500886E0B /* FeedViewAdapter.swift in Sources */ = {isa = PBXBuildFile; fileRef = 852AEFC42B45466500886E0B /* FeedViewAdapter.swift */; };
		8537E9172AE8181300114370 /* CacheFeedUseCaseTests.swift in Sources */ = {isa = PBXBuildFile; fileRef = 8537E9162AE8181300114370 /* CacheFeedUseCaseTests.swift */; };
		8537E91A2AEA7A8D00114370 /* LocalFeedLoader.swift in Sources */ = {isa = PBXBuildFile; fileRef = 8537E9192AEA7A8D00114370 /* LocalFeedLoader.swift */; };
		8537E91C2AEA9B3600114370 /* FeedStore.swift in Sources */ = {isa = PBXBuildFile; fileRef = 8537E91B2AEA9B3600114370 /* FeedStore.swift */; };
		8537E91E2AEFB12E00114370 /* RemoteFeedItem.swift in Sources */ = {isa = PBXBuildFile; fileRef = 8537E91D2AEFB12E00114370 /* RemoteFeedItem.swift */; };
		8537E9202AEFB17800114370 /* LocalFeedImage.swift in Sources */ = {isa = PBXBuildFile; fileRef = 8537E91F2AEFB17800114370 /* LocalFeedImage.swift */; };
		8537E9222AF0020A00114370 /* LoadFeedFromCacheUseCaseTest.swift in Sources */ = {isa = PBXBuildFile; fileRef = 8537E9212AF0020A00114370 /* LoadFeedFromCacheUseCaseTest.swift */; };
		8537E9252AF0046A00114370 /* FeedStoreSpy.swift in Sources */ = {isa = PBXBuildFile; fileRef = 8537E9242AF0046A00114370 /* FeedStoreSpy.swift */; };
		8538F4492B38325200AE10D2 /* FeedImagePresenter.swift in Sources */ = {isa = PBXBuildFile; fileRef = 8538F4482B38325200AE10D2 /* FeedImagePresenter.swift */; };
		8538F44B2B3842E300AE10D2 /* FeedLoadingViewModel.swift in Sources */ = {isa = PBXBuildFile; fileRef = 8538F44A2B3842E300AE10D2 /* FeedLoadingViewModel.swift */; };
		8538F44D2B38430C00AE10D2 /* FeedViewModel.swift in Sources */ = {isa = PBXBuildFile; fileRef = 8538F44C2B38430C00AE10D2 /* FeedViewModel.swift */; };
		8538F44F2B3C07EB00AE10D2 /* Feed.storyboard in Resources */ = {isa = PBXBuildFile; fileRef = 8538F44E2B3C07EB00AE10D2 /* Feed.storyboard */; };
		8538F4512B3C086700AE10D2 /* Feed.xcassets in Resources */ = {isa = PBXBuildFile; fileRef = 8538F4502B3C086700AE10D2 /* Feed.xcassets */; };
		8538F4532B3D5C0D00AE10D2 /* UITableView+Dequeuing.swift in Sources */ = {isa = PBXBuildFile; fileRef = 8538F4522B3D5C0D00AE10D2 /* UITableView+Dequeuing.swift */; };
		8538F4552B3D5D5000AE10D2 /* UIImageView+Animations.swift in Sources */ = {isa = PBXBuildFile; fileRef = 8538F4542B3D5D5000AE10D2 /* UIImageView+Animations.swift */; };
		853ADEA12AF0F407007FA902 /* ValidateFeedCacheUseCaseTests.swift in Sources */ = {isa = PBXBuildFile; fileRef = 853ADEA02AF0F407007FA902 /* ValidateFeedCacheUseCaseTests.swift */; };
		853ADEA32AF10AFC007FA902 /* FeedCacheTestHelpers.swift in Sources */ = {isa = PBXBuildFile; fileRef = 853ADEA22AF10AFC007FA902 /* FeedCacheTestHelpers.swift */; };
		853ADEA52AF10C39007FA902 /* SharedTestHelpers.swift in Sources */ = {isa = PBXBuildFile; fileRef = 853ADEA42AF10C39007FA902 /* SharedTestHelpers.swift */; };
		853ADEA72AF2A492007FA902 /* FeedCachePolicy.swift in Sources */ = {isa = PBXBuildFile; fileRef = 853ADEA62AF2A492007FA902 /* FeedCachePolicy.swift */; };
		853ADEA92AF3E95D007FA902 /* CodableFeedStoreTests.swift in Sources */ = {isa = PBXBuildFile; fileRef = 853ADEA82AF3E95D007FA902 /* CodableFeedStoreTests.swift */; };
		854CDA9B2ADAE1E0000CC9EC /* MyEssentialFeedAPIEndToEndTests.swift in Sources */ = {isa = PBXBuildFile; fileRef = 854CDA9A2ADAE1E0000CC9EC /* MyEssentialFeedAPIEndToEndTests.swift */; };
		854CDA9C2ADAE1E0000CC9EC /* MyEssentialFeed.framework in Frameworks */ = {isa = PBXBuildFile; fileRef = 8513C16C2ACE8ECD0095989C /* MyEssentialFeed.framework */; };
		854CDAA22ADAECB4000CC9EC /* XCTestCase+MemoryLeakTrackingHelper.swift in Sources */ = {isa = PBXBuildFile; fileRef = 856B3F232AD865250079FA82 /* XCTestCase+MemoryLeakTrackingHelper.swift */; };
		855321372B125D12005E55B3 /* FeedUIIntegrationTests.swift in Sources */ = {isa = PBXBuildFile; fileRef = 855321362B125D12005E55B3 /* FeedUIIntegrationTests.swift */; };
		856B3F242AD865250079FA82 /* XCTestCase+MemoryLeakTrackingHelper.swift in Sources */ = {isa = PBXBuildFile; fileRef = 856B3F232AD865250079FA82 /* XCTestCase+MemoryLeakTrackingHelper.swift */; };
		85723FE92B5128FD0033CDD3 /* FeedPresenterTests.swift in Sources */ = {isa = PBXBuildFile; fileRef = 85723FE82B5128FD0033CDD3 /* FeedPresenterTests.swift */; };
		85723FF22B51BF3D0033CDD3 /* FeedPresenter.swift in Sources */ = {isa = PBXBuildFile; fileRef = 85723FF12B51BF3D0033CDD3 /* FeedPresenter.swift */; };
		85723FF32B51C0490033CDD3 /* Feed.strings in Resources */ = {isa = PBXBuildFile; fileRef = 85723FEE2B51BD980033CDD3 /* Feed.strings */; };
		85723FF92B51C1350033CDD3 /* FeedViewModel.swift in Sources */ = {isa = PBXBuildFile; fileRef = 85723FF82B51C1350033CDD3 /* FeedViewModel.swift */; };
		85776F7A2AF7F5B5007AF2F0 /* CodableFeedStore.swift in Sources */ = {isa = PBXBuildFile; fileRef = 85776F792AF7F5B5007AF2F0 /* CodableFeedStore.swift */; };
		85776F7C2AFA5541007AF2F0 /* FeedStoreSpecs.swift in Sources */ = {isa = PBXBuildFile; fileRef = 85776F7B2AFA5541007AF2F0 /* FeedStoreSpecs.swift */; };
		85776F7E2AFA56E4007AF2F0 /* XCTestCase+FeedStoreSpecs.swift in Sources */ = {isa = PBXBuildFile; fileRef = 85776F7D2AFA56E4007AF2F0 /* XCTestCase+FeedStoreSpecs.swift */; };
		85776F802AFE4AE2007AF2F0 /* CoreDataFeedStoreTests.swift in Sources */ = {isa = PBXBuildFile; fileRef = 85776F7F2AFE4AE2007AF2F0 /* CoreDataFeedStoreTests.swift */; };
		85776F822AFE4F62007AF2F0 /* CoreDataFeedStore.swift in Sources */ = {isa = PBXBuildFile; fileRef = 85776F812AFE4F62007AF2F0 /* CoreDataFeedStore.swift */; };
		85776F852AFE71E3007AF2F0 /* FeedStore.xcdatamodeld in Sources */ = {isa = PBXBuildFile; fileRef = 85776F832AFE71E3007AF2F0 /* FeedStore.xcdatamodeld */; };
		85776FB02B013375007AF2F0 /* CoreDataHelpers.swift in Sources */ = {isa = PBXBuildFile; fileRef = 85776FAF2B013375007AF2F0 /* CoreDataHelpers.swift */; };
		85776FB22B01340D007AF2F0 /* ManagedCache.swift in Sources */ = {isa = PBXBuildFile; fileRef = 85776FB12B01340D007AF2F0 /* ManagedCache.swift */; };
		85776FB42B01363B007AF2F0 /* ManagedFeedImage.swift in Sources */ = {isa = PBXBuildFile; fileRef = 85776FB32B01363B007AF2F0 /* ManagedFeedImage.swift */; };
		85776FB62B0138FE007AF2F0 /* XCTestCase+FailableDeleteFeedStoreSpecs.swift in Sources */ = {isa = PBXBuildFile; fileRef = 85776FB52B0138FE007AF2F0 /* XCTestCase+FailableDeleteFeedStoreSpecs.swift */; };
		85776FB82B013A13007AF2F0 /* XCTestCase+FailableInsertFeedStoreSpecs.swift in Sources */ = {isa = PBXBuildFile; fileRef = 85776FB72B013A13007AF2F0 /* XCTestCase+FailableInsertFeedStoreSpecs.swift */; };
		85776FBA2B013A92007AF2F0 /* XCTestCase+FailableRetrieveFeedStoreSpecs.swift in Sources */ = {isa = PBXBuildFile; fileRef = 85776FB92B013A92007AF2F0 /* XCTestCase+FailableRetrieveFeedStoreSpecs.swift */; };
		85776FC22B020961007AF2F0 /* MyEssentialFeedCacheIntegrationTests.swift in Sources */ = {isa = PBXBuildFile; fileRef = 85776FC12B020961007AF2F0 /* MyEssentialFeedCacheIntegrationTests.swift */; };
		85776FC32B020961007AF2F0 /* MyEssentialFeed.framework in Frameworks */ = {isa = PBXBuildFile; fileRef = 8513C16C2ACE8ECD0095989C /* MyEssentialFeed.framework */; };
		85776FCA2B020E23007AF2F0 /* XCTestCase+MemoryLeakTrackingHelper.swift in Sources */ = {isa = PBXBuildFile; fileRef = 856B3F232AD865250079FA82 /* XCTestCase+MemoryLeakTrackingHelper.swift */; };
		857834D92B023849000637DA /* FeedCacheTestHelpers.swift in Sources */ = {isa = PBXBuildFile; fileRef = 853ADEA22AF10AFC007FA902 /* FeedCacheTestHelpers.swift */; };
		857834DA2B02385F000637DA /* SharedTestHelpers.swift in Sources */ = {isa = PBXBuildFile; fileRef = 853ADEA42AF10C39007FA902 /* SharedTestHelpers.swift */; };
		858110F22B317A310037F3BA /* FeedImageViewModel.swift in Sources */ = {isa = PBXBuildFile; fileRef = 858110F12B317A310037F3BA /* FeedImageViewModel.swift */; };
		858110F52B37534D0037F3BA /* FeedPresenter.swift in Sources */ = {isa = PBXBuildFile; fileRef = 858110F42B37534D0037F3BA /* FeedPresenter.swift */; };
		858D8DB82B20F24F003C8196 /* FeedViewController.swift in Sources */ = {isa = PBXBuildFile; fileRef = 858D8DB72B20F24F003C8196 /* FeedViewController.swift */; };
		858D8DBA2B23CA8E003C8196 /* FeedImageCell.swift in Sources */ = {isa = PBXBuildFile; fileRef = 858D8DB92B23CA8E003C8196 /* FeedImageCell.swift */; };
		858D8DBC2B24E65C003C8196 /* UIView+Shimmering.swift in Sources */ = {isa = PBXBuildFile; fileRef = 858D8DBB2B24E65C003C8196 /* UIView+Shimmering.swift */; };
		858D8DED2B2A582A003C8196 /* FeedImageDataLoader.swift in Sources */ = {isa = PBXBuildFile; fileRef = 858D8DEC2B2A582A003C8196 /* FeedImageDataLoader.swift */; };
		858D8DF32B2A5960003C8196 /* UIImage+TestHelpers.swift in Sources */ = {isa = PBXBuildFile; fileRef = 858D8DF22B2A5960003C8196 /* UIImage+TestHelpers.swift */; };
		858D8DF52B2A59F9003C8196 /* UIRefreshControl+TestHelpers.swift in Sources */ = {isa = PBXBuildFile; fileRef = 858D8DF42B2A59F9003C8196 /* UIRefreshControl+TestHelpers.swift */; };
		858D8DF72B2A5A43003C8196 /* UIButton+TestHelpers.swift in Sources */ = {isa = PBXBuildFile; fileRef = 858D8DF62B2A5A43003C8196 /* UIButton+TestHelpers.swift */; };
		858D8DF92B2A5A94003C8196 /* UIControl+TestHelpers.swift in Sources */ = {isa = PBXBuildFile; fileRef = 858D8DF82B2A5A94003C8196 /* UIControl+TestHelpers.swift */; };
		858D8DFE2B2A5BE8003C8196 /* FeedViewController+TestHelpers.swift in Sources */ = {isa = PBXBuildFile; fileRef = 858D8DFD2B2A5BE8003C8196 /* FeedViewController+TestHelpers.swift */; };
		858D8E002B2A5CC1003C8196 /* FeedImageCell+TestHelpers.swift in Sources */ = {isa = PBXBuildFile; fileRef = 858D8DFF2B2A5CC1003C8196 /* FeedImageCell+TestHelpers.swift */; };
		858D8E022B2A5D0F003C8196 /* FeedViewControllerTests+LoaderSpy.swift in Sources */ = {isa = PBXBuildFile; fileRef = 858D8E012B2A5D0F003C8196 /* FeedViewControllerTests+LoaderSpy.swift */; };
		859DC1C12AD46000008DFD8C /* HTTPClient.swift in Sources */ = {isa = PBXBuildFile; fileRef = 859DC1C02AD45FFF008DFD8C /* HTTPClient.swift */; };
		859DC1C32AD46049008DFD8C /* FeedItemsMapper.swift in Sources */ = {isa = PBXBuildFile; fileRef = 859DC1C22AD46049008DFD8C /* FeedItemsMapper.swift */; };
		859DC1C62AD646C7008DFD8C /* URLSessionHTTPClientTests.swift in Sources */ = {isa = PBXBuildFile; fileRef = 859DC1C52AD646C7008DFD8C /* URLSessionHTTPClientTests.swift */; };
		85A5B7B62B2A5E2B007F3A63 /* FeedViewControllerTests+Assertions.swift in Sources */ = {isa = PBXBuildFile; fileRef = 85A5B7B52B2A5E2B007F3A63 /* FeedViewControllerTests+Assertions.swift */; };
		85A5B7BA2B2AE2C2007F3A63 /* FeedImageCellController.swift in Sources */ = {isa = PBXBuildFile; fileRef = 85A5B7B92B2AE2C2007F3A63 /* FeedImageCellController.swift */; };
		85A5B7BD2B2AE78F007F3A63 /* FeedUIComposer.swift in Sources */ = {isa = PBXBuildFile; fileRef = 85A5B7BC2B2AE78F007F3A63 /* FeedUIComposer.swift */; };
		85DA273B2AD9A3E7002A62F4 /* URLSessionHTTPClient.swift in Sources */ = {isa = PBXBuildFile; fileRef = 85DA273A2AD9A3E7002A62F4 /* URLSessionHTTPClient.swift */; };
		85F248A92B4FD51300D2733E /* ErrorView.swift in Sources */ = {isa = PBXBuildFile; fileRef = 85F248A82B4FD51300D2733E /* ErrorView.swift */; };
		85F248AC2B50265500D2733E /* FeedErrorViewModel.swift in Sources */ = {isa = PBXBuildFile; fileRef = 85F248AB2B50265500D2733E /* FeedErrorViewModel.swift */; };
		85F248AE2B5026C900D2733E /* UIRefreshControl+Helpers.swift in Sources */ = {isa = PBXBuildFile; fileRef = 85F248AD2B5026C900D2733E /* UIRefreshControl+Helpers.swift */; };
/* End PBXBuildFile section */

/* Begin PBXContainerItemProxy section */
		8513C1762ACE8ECD0095989C /* PBXContainerItemProxy */ = {
			isa = PBXContainerItemProxy;
			containerPortal = 8513C1632ACE8ECD0095989C /* Project object */;
			proxyType = 1;
			remoteGlobalIDString = 8513C16B2ACE8ECD0095989C;
			remoteInfo = MyEssentialFeed;
		};
		8520948E2B12637A0038C7EE /* PBXContainerItemProxy */ = {
			isa = PBXContainerItemProxy;
			containerPortal = 8513C1632ACE8ECD0095989C /* Project object */;
			proxyType = 1;
			remoteGlobalIDString = 8513C16B2ACE8ECD0095989C;
			remoteInfo = MyEssentialFeed;
		};
		8525F2D82B0FD08C00BD7CCA /* PBXContainerItemProxy */ = {
			isa = PBXContainerItemProxy;
			containerPortal = 8513C1632ACE8ECD0095989C /* Project object */;
			proxyType = 1;
			remoteGlobalIDString = 8525F2CE2B0FD08C00BD7CCA;
			remoteInfo = MyEssentialFeediOS;
		};
		854CDA9D2ADAE1E0000CC9EC /* PBXContainerItemProxy */ = {
			isa = PBXContainerItemProxy;
			containerPortal = 8513C1632ACE8ECD0095989C /* Project object */;
			proxyType = 1;
			remoteGlobalIDString = 8513C16B2ACE8ECD0095989C;
			remoteInfo = MyEssentialFeed;
		};
		85776FC42B020961007AF2F0 /* PBXContainerItemProxy */ = {
			isa = PBXContainerItemProxy;
			containerPortal = 8513C1632ACE8ECD0095989C /* Project object */;
			proxyType = 1;
			remoteGlobalIDString = 8513C16B2ACE8ECD0095989C;
			remoteInfo = MyEssentialFeed;
		};
/* End PBXContainerItemProxy section */

/* Begin PBXCopyFilesBuildPhase section */
		852094902B12637A0038C7EE /* Embed Frameworks */ = {
			isa = PBXCopyFilesBuildPhase;
			buildActionMask = 2147483647;
			dstPath = "";
			dstSubfolderSpec = 10;
			files = (
				8520948D2B12637A0038C7EE /* MyEssentialFeed.framework in Embed Frameworks */,
			);
			name = "Embed Frameworks";
			runOnlyForDeploymentPostprocessing = 0;
		};
/* End PBXCopyFilesBuildPhase section */

/* Begin PBXFileReference section */
		8513C16C2ACE8ECD0095989C /* MyEssentialFeed.framework */ = {isa = PBXFileReference; explicitFileType = wrapper.framework; includeInIndex = 0; path = MyEssentialFeed.framework; sourceTree = BUILT_PRODUCTS_DIR; };
		8513C16F2ACE8ECD0095989C /* MyEssentialFeed.h */ = {isa = PBXFileReference; lastKnownFileType = sourcecode.c.h; path = MyEssentialFeed.h; sourceTree = "<group>"; };
		8513C1742ACE8ECD0095989C /* MyEssentialFeedTests.xctest */ = {isa = PBXFileReference; explicitFileType = wrapper.cfbundle; includeInIndex = 0; path = MyEssentialFeedTests.xctest; sourceTree = BUILT_PRODUCTS_DIR; };
		8513C1842ACE8EE70095989C /* FeedImage.swift */ = {isa = PBXFileReference; lastKnownFileType = sourcecode.swift; path = FeedImage.swift; sourceTree = "<group>"; };
		8513C1862ACE903A0095989C /* FeedLoader.swift */ = {isa = PBXFileReference; lastKnownFileType = sourcecode.swift; path = FeedLoader.swift; sourceTree = "<group>"; };
		8513C1892AD04A9E0095989C /* LoadFeedFromRemoteUseCaseTests.swift */ = {isa = PBXFileReference; lastKnownFileType = sourcecode.swift; path = LoadFeedFromRemoteUseCaseTests.swift; sourceTree = "<group>"; };
		8513C18C2AD05F350095989C /* RemoteFeedLoader.swift */ = {isa = PBXFileReference; lastKnownFileType = sourcecode.swift; path = RemoteFeedLoader.swift; sourceTree = "<group>"; };
		8525F2C82B0FCD9D00BD7CCA /* MyEssentialFeedAPIEndToEndTests.xctestplan */ = {isa = PBXFileReference; lastKnownFileType = text; path = MyEssentialFeedAPIEndToEndTests.xctestplan; sourceTree = "<group>"; };
		8525F2CF2B0FD08C00BD7CCA /* MyEssentialFeediOS.framework */ = {isa = PBXFileReference; explicitFileType = wrapper.framework; includeInIndex = 0; path = MyEssentialFeediOS.framework; sourceTree = BUILT_PRODUCTS_DIR; };
		8525F2D62B0FD08C00BD7CCA /* MyEssentialFeediOSTests.xctest */ = {isa = PBXFileReference; explicitFileType = wrapper.cfbundle; includeInIndex = 0; path = MyEssentialFeediOSTests.xctest; sourceTree = BUILT_PRODUCTS_DIR; };
		852AEFB12B3EAEFD00886E0B /* FeedViewControllerTests+Localization.swift */ = {isa = PBXFileReference; lastKnownFileType = sourcecode.swift; path = "FeedViewControllerTests+Localization.swift"; sourceTree = "<group>"; };
		852AEFB62B3EB24600886E0B /* en */ = {isa = PBXFileReference; lastKnownFileType = text.plist.strings; name = en; path = en.lproj/Feed.strings; sourceTree = "<group>"; };
		852AEFB82B3EB26300886E0B /* pt-BR */ = {isa = PBXFileReference; lastKnownFileType = text.plist.strings; name = "pt-BR"; path = "pt-BR.lproj/Feed.strings"; sourceTree = "<group>"; };
		852AEFBA2B409E9B00886E0B /* FeedLocalizationTests.swift */ = {isa = PBXFileReference; lastKnownFileType = sourcecode.swift; path = FeedLocalizationTests.swift; sourceTree = "<group>"; };
		852AEFBC2B4543AC00886E0B /* MainQueueDispatchDecorator.swift */ = {isa = PBXFileReference; lastKnownFileType = sourcecode.swift; path = MainQueueDispatchDecorator.swift; sourceTree = "<group>"; };
		852AEFBE2B45446000886E0B /* WeakRefVirtualProxy.swift */ = {isa = PBXFileReference; lastKnownFileType = sourcecode.swift; path = WeakRefVirtualProxy.swift; sourceTree = "<group>"; };
		852AEFC02B4544D100886E0B /* FeedImageDataLoaderPresentationAdapter.swift */ = {isa = PBXFileReference; lastKnownFileType = sourcecode.swift; path = FeedImageDataLoaderPresentationAdapter.swift; sourceTree = "<group>"; };
		852AEFC22B4545A300886E0B /* FeedLoaderPresentationAdapter.swift */ = {isa = PBXFileReference; lastKnownFileType = sourcecode.swift; path = FeedLoaderPresentationAdapter.swift; sourceTree = "<group>"; };
		852AEFC42B45466500886E0B /* FeedViewAdapter.swift */ = {isa = PBXFileReference; lastKnownFileType = sourcecode.swift; path = FeedViewAdapter.swift; sourceTree = "<group>"; };
		8537E9162AE8181300114370 /* CacheFeedUseCaseTests.swift */ = {isa = PBXFileReference; lastKnownFileType = sourcecode.swift; path = CacheFeedUseCaseTests.swift; sourceTree = "<group>"; };
		8537E9192AEA7A8D00114370 /* LocalFeedLoader.swift */ = {isa = PBXFileReference; lastKnownFileType = sourcecode.swift; path = LocalFeedLoader.swift; sourceTree = "<group>"; };
		8537E91B2AEA9B3600114370 /* FeedStore.swift */ = {isa = PBXFileReference; lastKnownFileType = sourcecode.swift; path = FeedStore.swift; sourceTree = "<group>"; };
		8537E91D2AEFB12E00114370 /* RemoteFeedItem.swift */ = {isa = PBXFileReference; lastKnownFileType = sourcecode.swift; path = RemoteFeedItem.swift; sourceTree = "<group>"; };
		8537E91F2AEFB17800114370 /* LocalFeedImage.swift */ = {isa = PBXFileReference; lastKnownFileType = sourcecode.swift; path = LocalFeedImage.swift; sourceTree = "<group>"; };
		8537E9212AF0020A00114370 /* LoadFeedFromCacheUseCaseTest.swift */ = {isa = PBXFileReference; lastKnownFileType = sourcecode.swift; path = LoadFeedFromCacheUseCaseTest.swift; sourceTree = "<group>"; };
		8537E9242AF0046A00114370 /* FeedStoreSpy.swift */ = {isa = PBXFileReference; lastKnownFileType = sourcecode.swift; path = FeedStoreSpy.swift; sourceTree = "<group>"; };
		8538F4482B38325200AE10D2 /* FeedImagePresenter.swift */ = {isa = PBXFileReference; lastKnownFileType = sourcecode.swift; path = FeedImagePresenter.swift; sourceTree = "<group>"; };
		8538F44A2B3842E300AE10D2 /* FeedLoadingViewModel.swift */ = {isa = PBXFileReference; lastKnownFileType = sourcecode.swift; path = FeedLoadingViewModel.swift; sourceTree = "<group>"; };
		8538F44C2B38430C00AE10D2 /* FeedViewModel.swift */ = {isa = PBXFileReference; lastKnownFileType = sourcecode.swift; path = FeedViewModel.swift; sourceTree = "<group>"; };
		8538F44E2B3C07EB00AE10D2 /* Feed.storyboard */ = {isa = PBXFileReference; lastKnownFileType = file.storyboard; path = Feed.storyboard; sourceTree = "<group>"; };
		8538F4502B3C086700AE10D2 /* Feed.xcassets */ = {isa = PBXFileReference; lastKnownFileType = folder.assetcatalog; path = Feed.xcassets; sourceTree = "<group>"; };
		8538F4522B3D5C0D00AE10D2 /* UITableView+Dequeuing.swift */ = {isa = PBXFileReference; lastKnownFileType = sourcecode.swift; path = "UITableView+Dequeuing.swift"; sourceTree = "<group>"; };
		8538F4542B3D5D5000AE10D2 /* UIImageView+Animations.swift */ = {isa = PBXFileReference; lastKnownFileType = sourcecode.swift; path = "UIImageView+Animations.swift"; sourceTree = "<group>"; };
		853ADEA02AF0F407007FA902 /* ValidateFeedCacheUseCaseTests.swift */ = {isa = PBXFileReference; lastKnownFileType = sourcecode.swift; path = ValidateFeedCacheUseCaseTests.swift; sourceTree = "<group>"; };
		853ADEA22AF10AFC007FA902 /* FeedCacheTestHelpers.swift */ = {isa = PBXFileReference; lastKnownFileType = sourcecode.swift; path = FeedCacheTestHelpers.swift; sourceTree = "<group>"; };
		853ADEA42AF10C39007FA902 /* SharedTestHelpers.swift */ = {isa = PBXFileReference; lastKnownFileType = sourcecode.swift; path = SharedTestHelpers.swift; sourceTree = "<group>"; };
		853ADEA62AF2A492007FA902 /* FeedCachePolicy.swift */ = {isa = PBXFileReference; lastKnownFileType = sourcecode.swift; path = FeedCachePolicy.swift; sourceTree = "<group>"; };
		853ADEA82AF3E95D007FA902 /* CodableFeedStoreTests.swift */ = {isa = PBXFileReference; lastKnownFileType = sourcecode.swift; path = CodableFeedStoreTests.swift; sourceTree = "<group>"; };
		854410382ADAF0D800F6A68D /* CI_macOS.xctestplan */ = {isa = PBXFileReference; lastKnownFileType = text; path = CI_macOS.xctestplan; sourceTree = "<group>"; };
		854CDA932AD9C1AC000CC9EC /* MyEssentialFeed.xctestplan */ = {isa = PBXFileReference; lastKnownFileType = text; path = MyEssentialFeed.xctestplan; sourceTree = "<group>"; };
		854CDA982ADAE1E0000CC9EC /* MyEssentialFeedAPIEndToEndTests.xctest */ = {isa = PBXFileReference; explicitFileType = wrapper.cfbundle; includeInIndex = 0; path = MyEssentialFeedAPIEndToEndTests.xctest; sourceTree = BUILT_PRODUCTS_DIR; };
		854CDA9A2ADAE1E0000CC9EC /* MyEssentialFeedAPIEndToEndTests.swift */ = {isa = PBXFileReference; lastKnownFileType = sourcecode.swift; path = MyEssentialFeedAPIEndToEndTests.swift; sourceTree = "<group>"; };
		8553211D2B0FD130005E55B3 /* MyEssentialFeediOS.xctestplan */ = {isa = PBXFileReference; lastKnownFileType = text; path = MyEssentialFeediOS.xctestplan; sourceTree = "<group>"; };
		855321362B125D12005E55B3 /* FeedUIIntegrationTests.swift */ = {isa = PBXFileReference; lastKnownFileType = sourcecode.swift; path = FeedUIIntegrationTests.swift; sourceTree = "<group>"; };
		856B3F232AD865250079FA82 /* XCTestCase+MemoryLeakTrackingHelper.swift */ = {isa = PBXFileReference; lastKnownFileType = sourcecode.swift; path = "XCTestCase+MemoryLeakTrackingHelper.swift"; sourceTree = "<group>"; };
		85723FE82B5128FD0033CDD3 /* FeedPresenterTests.swift */ = {isa = PBXFileReference; lastKnownFileType = sourcecode.swift; path = FeedPresenterTests.swift; sourceTree = "<group>"; };
		85723FED2B51BD980033CDD3 /* en */ = {isa = PBXFileReference; lastKnownFileType = text.plist.strings; name = en; path = en.lproj/Feed.strings; sourceTree = "<group>"; };
		85723FEF2B51BD9C0033CDD3 /* pt-BR */ = {isa = PBXFileReference; lastKnownFileType = text.plist.strings; name = "pt-BR"; path = "pt-BR.lproj/Feed.strings"; sourceTree = "<group>"; };
		85723FF12B51BF3D0033CDD3 /* FeedPresenter.swift */ = {isa = PBXFileReference; lastKnownFileType = sourcecode.swift; path = FeedPresenter.swift; sourceTree = "<group>"; };
		85723FF82B51C1350033CDD3 /* FeedViewModel.swift */ = {isa = PBXFileReference; lastKnownFileType = sourcecode.swift; path = FeedViewModel.swift; sourceTree = "<group>"; };
		85776F792AF7F5B5007AF2F0 /* CodableFeedStore.swift */ = {isa = PBXFileReference; lastKnownFileType = sourcecode.swift; path = CodableFeedStore.swift; sourceTree = "<group>"; };
		85776F7B2AFA5541007AF2F0 /* FeedStoreSpecs.swift */ = {isa = PBXFileReference; lastKnownFileType = sourcecode.swift; path = FeedStoreSpecs.swift; sourceTree = "<group>"; };
		85776F7D2AFA56E4007AF2F0 /* XCTestCase+FeedStoreSpecs.swift */ = {isa = PBXFileReference; lastKnownFileType = sourcecode.swift; path = "XCTestCase+FeedStoreSpecs.swift"; sourceTree = "<group>"; };
		85776F7F2AFE4AE2007AF2F0 /* CoreDataFeedStoreTests.swift */ = {isa = PBXFileReference; lastKnownFileType = sourcecode.swift; path = CoreDataFeedStoreTests.swift; sourceTree = "<group>"; };
		85776F812AFE4F62007AF2F0 /* CoreDataFeedStore.swift */ = {isa = PBXFileReference; lastKnownFileType = sourcecode.swift; path = CoreDataFeedStore.swift; sourceTree = "<group>"; };
		85776F842AFE71E3007AF2F0 /* FeedStore.xcdatamodel */ = {isa = PBXFileReference; lastKnownFileType = wrapper.xcdatamodel; path = FeedStore.xcdatamodel; sourceTree = "<group>"; };
		85776FAF2B013375007AF2F0 /* CoreDataHelpers.swift */ = {isa = PBXFileReference; lastKnownFileType = sourcecode.swift; path = CoreDataHelpers.swift; sourceTree = "<group>"; };
		85776FB12B01340D007AF2F0 /* ManagedCache.swift */ = {isa = PBXFileReference; lastKnownFileType = sourcecode.swift; path = ManagedCache.swift; sourceTree = "<group>"; };
		85776FB32B01363B007AF2F0 /* ManagedFeedImage.swift */ = {isa = PBXFileReference; lastKnownFileType = sourcecode.swift; path = ManagedFeedImage.swift; sourceTree = "<group>"; };
		85776FB52B0138FE007AF2F0 /* XCTestCase+FailableDeleteFeedStoreSpecs.swift */ = {isa = PBXFileReference; lastKnownFileType = sourcecode.swift; path = "XCTestCase+FailableDeleteFeedStoreSpecs.swift"; sourceTree = "<group>"; };
		85776FB72B013A13007AF2F0 /* XCTestCase+FailableInsertFeedStoreSpecs.swift */ = {isa = PBXFileReference; lastKnownFileType = sourcecode.swift; path = "XCTestCase+FailableInsertFeedStoreSpecs.swift"; sourceTree = "<group>"; };
		85776FB92B013A92007AF2F0 /* XCTestCase+FailableRetrieveFeedStoreSpecs.swift */ = {isa = PBXFileReference; lastKnownFileType = sourcecode.swift; path = "XCTestCase+FailableRetrieveFeedStoreSpecs.swift"; sourceTree = "<group>"; };
		85776FBF2B020961007AF2F0 /* MyEssentialFeedCacheIntegrationTests.xctest */ = {isa = PBXFileReference; explicitFileType = wrapper.cfbundle; includeInIndex = 0; path = MyEssentialFeedCacheIntegrationTests.xctest; sourceTree = BUILT_PRODUCTS_DIR; };
		85776FC12B020961007AF2F0 /* MyEssentialFeedCacheIntegrationTests.swift */ = {isa = PBXFileReference; lastKnownFileType = sourcecode.swift; path = MyEssentialFeedCacheIntegrationTests.swift; sourceTree = "<group>"; };
		85776FC92B0209C7007AF2F0 /* MyEssentialFeedCacheIntegrationTests.xctestplan */ = {isa = PBXFileReference; lastKnownFileType = text; path = MyEssentialFeedCacheIntegrationTests.xctestplan; sourceTree = "<group>"; };
		858110F12B317A310037F3BA /* FeedImageViewModel.swift */ = {isa = PBXFileReference; lastKnownFileType = sourcecode.swift; path = FeedImageViewModel.swift; sourceTree = "<group>"; };
		858110F42B37534D0037F3BA /* FeedPresenter.swift */ = {isa = PBXFileReference; lastKnownFileType = sourcecode.swift; path = FeedPresenter.swift; sourceTree = "<group>"; };
		858D8DB72B20F24F003C8196 /* FeedViewController.swift */ = {isa = PBXFileReference; lastKnownFileType = sourcecode.swift; path = FeedViewController.swift; sourceTree = "<group>"; };
		858D8DB92B23CA8E003C8196 /* FeedImageCell.swift */ = {isa = PBXFileReference; lastKnownFileType = sourcecode.swift; path = FeedImageCell.swift; sourceTree = "<group>"; };
		858D8DBB2B24E65C003C8196 /* UIView+Shimmering.swift */ = {isa = PBXFileReference; lastKnownFileType = sourcecode.swift; path = "UIView+Shimmering.swift"; sourceTree = "<group>"; };
		858D8DEC2B2A582A003C8196 /* FeedImageDataLoader.swift */ = {isa = PBXFileReference; lastKnownFileType = sourcecode.swift; path = FeedImageDataLoader.swift; sourceTree = "<group>"; };
		858D8DF22B2A5960003C8196 /* UIImage+TestHelpers.swift */ = {isa = PBXFileReference; lastKnownFileType = sourcecode.swift; path = "UIImage+TestHelpers.swift"; sourceTree = "<group>"; };
		858D8DF42B2A59F9003C8196 /* UIRefreshControl+TestHelpers.swift */ = {isa = PBXFileReference; lastKnownFileType = sourcecode.swift; path = "UIRefreshControl+TestHelpers.swift"; sourceTree = "<group>"; };
		858D8DF62B2A5A43003C8196 /* UIButton+TestHelpers.swift */ = {isa = PBXFileReference; lastKnownFileType = sourcecode.swift; path = "UIButton+TestHelpers.swift"; sourceTree = "<group>"; };
		858D8DF82B2A5A94003C8196 /* UIControl+TestHelpers.swift */ = {isa = PBXFileReference; lastKnownFileType = sourcecode.swift; path = "UIControl+TestHelpers.swift"; sourceTree = "<group>"; };
		858D8DFD2B2A5BE8003C8196 /* FeedViewController+TestHelpers.swift */ = {isa = PBXFileReference; lastKnownFileType = sourcecode.swift; path = "FeedViewController+TestHelpers.swift"; sourceTree = "<group>"; };
		858D8DFF2B2A5CC1003C8196 /* FeedImageCell+TestHelpers.swift */ = {isa = PBXFileReference; lastKnownFileType = sourcecode.swift; path = "FeedImageCell+TestHelpers.swift"; sourceTree = "<group>"; };
		858D8E012B2A5D0F003C8196 /* FeedViewControllerTests+LoaderSpy.swift */ = {isa = PBXFileReference; lastKnownFileType = sourcecode.swift; path = "FeedViewControllerTests+LoaderSpy.swift"; sourceTree = "<group>"; };
		859DC1C02AD45FFF008DFD8C /* HTTPClient.swift */ = {isa = PBXFileReference; lastKnownFileType = sourcecode.swift; path = HTTPClient.swift; sourceTree = "<group>"; };
		859DC1C22AD46049008DFD8C /* FeedItemsMapper.swift */ = {isa = PBXFileReference; lastKnownFileType = sourcecode.swift; path = FeedItemsMapper.swift; sourceTree = "<group>"; };
		859DC1C52AD646C7008DFD8C /* URLSessionHTTPClientTests.swift */ = {isa = PBXFileReference; lastKnownFileType = sourcecode.swift; path = URLSessionHTTPClientTests.swift; sourceTree = "<group>"; };
		85A5B7B52B2A5E2B007F3A63 /* FeedViewControllerTests+Assertions.swift */ = {isa = PBXFileReference; lastKnownFileType = sourcecode.swift; path = "FeedViewControllerTests+Assertions.swift"; sourceTree = "<group>"; };
		85A5B7B92B2AE2C2007F3A63 /* FeedImageCellController.swift */ = {isa = PBXFileReference; lastKnownFileType = sourcecode.swift; path = FeedImageCellController.swift; sourceTree = "<group>"; };
		85A5B7BC2B2AE78F007F3A63 /* FeedUIComposer.swift */ = {isa = PBXFileReference; lastKnownFileType = sourcecode.swift; path = FeedUIComposer.swift; sourceTree = "<group>"; };
		85DA273A2AD9A3E7002A62F4 /* URLSessionHTTPClient.swift */ = {isa = PBXFileReference; lastKnownFileType = sourcecode.swift; path = URLSessionHTTPClient.swift; sourceTree = "<group>"; };
		85F248A82B4FD51300D2733E /* ErrorView.swift */ = {isa = PBXFileReference; lastKnownFileType = sourcecode.swift; path = ErrorView.swift; sourceTree = "<group>"; };
		85F248AB2B50265500D2733E /* FeedErrorViewModel.swift */ = {isa = PBXFileReference; lastKnownFileType = sourcecode.swift; path = FeedErrorViewModel.swift; sourceTree = "<group>"; };
		85F248AD2B5026C900D2733E /* UIRefreshControl+Helpers.swift */ = {isa = PBXFileReference; lastKnownFileType = sourcecode.swift; path = "UIRefreshControl+Helpers.swift"; sourceTree = "<group>"; };
/* End PBXFileReference section */

/* Begin PBXFrameworksBuildPhase section */
		8513C1692ACE8ECD0095989C /* Frameworks */ = {
			isa = PBXFrameworksBuildPhase;
			buildActionMask = 2147483647;
			files = (
			);
			runOnlyForDeploymentPostprocessing = 0;
		};
		8513C1712ACE8ECD0095989C /* Frameworks */ = {
			isa = PBXFrameworksBuildPhase;
			buildActionMask = 2147483647;
			files = (
				8513C1752ACE8ECD0095989C /* MyEssentialFeed.framework in Frameworks */,
			);
			runOnlyForDeploymentPostprocessing = 0;
		};
		8525F2CC2B0FD08C00BD7CCA /* Frameworks */ = {
			isa = PBXFrameworksBuildPhase;
			buildActionMask = 2147483647;
			files = (
				8520948C2B12637A0038C7EE /* MyEssentialFeed.framework in Frameworks */,
			);
			runOnlyForDeploymentPostprocessing = 0;
		};
		8525F2D32B0FD08C00BD7CCA /* Frameworks */ = {
			isa = PBXFrameworksBuildPhase;
			buildActionMask = 2147483647;
			files = (
				8525F2D72B0FD08C00BD7CCA /* MyEssentialFeediOS.framework in Frameworks */,
			);
			runOnlyForDeploymentPostprocessing = 0;
		};
		854CDA952ADAE1E0000CC9EC /* Frameworks */ = {
			isa = PBXFrameworksBuildPhase;
			buildActionMask = 2147483647;
			files = (
				854CDA9C2ADAE1E0000CC9EC /* MyEssentialFeed.framework in Frameworks */,
			);
			runOnlyForDeploymentPostprocessing = 0;
		};
		85776FBC2B020961007AF2F0 /* Frameworks */ = {
			isa = PBXFrameworksBuildPhase;
			buildActionMask = 2147483647;
			files = (
				85776FC32B020961007AF2F0 /* MyEssentialFeed.framework in Frameworks */,
			);
			runOnlyForDeploymentPostprocessing = 0;
		};
/* End PBXFrameworksBuildPhase section */

/* Begin PBXGroup section */
		8513C1622ACE8ECD0095989C = {
			isa = PBXGroup;
			children = (
				8553211D2B0FD130005E55B3 /* MyEssentialFeediOS.xctestplan */,
				8525F2C82B0FCD9D00BD7CCA /* MyEssentialFeedAPIEndToEndTests.xctestplan */,
				85776FC92B0209C7007AF2F0 /* MyEssentialFeedCacheIntegrationTests.xctestplan */,
				854410382ADAF0D800F6A68D /* CI_macOS.xctestplan */,
				854CDA932AD9C1AC000CC9EC /* MyEssentialFeed.xctestplan */,
				8513C16E2ACE8ECD0095989C /* MyEssentialFeed */,
				8513C1782ACE8ECD0095989C /* MyEssentialFeedTests */,
				854CDA992ADAE1E0000CC9EC /* MyEssentialFeedAPIEndToEndTests */,
				85776FC02B020961007AF2F0 /* MyEssentialFeedCacheIntegrationTests */,
				8525F2D02B0FD08C00BD7CCA /* MyEssentialFeediOS */,
				8525F2DA2B0FD08C00BD7CCA /* MyEssentialFeediOSTests */,
				8513C16D2ACE8ECD0095989C /* Products */,
				8520948B2B12637A0038C7EE /* Frameworks */,
			);
			sourceTree = "<group>";
		};
		8513C16D2ACE8ECD0095989C /* Products */ = {
			isa = PBXGroup;
			children = (
				8513C16C2ACE8ECD0095989C /* MyEssentialFeed.framework */,
				8513C1742ACE8ECD0095989C /* MyEssentialFeedTests.xctest */,
				854CDA982ADAE1E0000CC9EC /* MyEssentialFeedAPIEndToEndTests.xctest */,
				85776FBF2B020961007AF2F0 /* MyEssentialFeedCacheIntegrationTests.xctest */,
				8525F2CF2B0FD08C00BD7CCA /* MyEssentialFeediOS.framework */,
				8525F2D62B0FD08C00BD7CCA /* MyEssentialFeediOSTests.xctest */,
			);
			name = Products;
			sourceTree = "<group>";
		};
		8513C16E2ACE8ECD0095989C /* MyEssentialFeed */ = {
			isa = PBXGroup;
			children = (
				8513C16F2ACE8ECD0095989C /* MyEssentialFeed.h */,
				8537E9182AEA7A7900114370 /* Feed Cache */,
				8513C1882ACE91920095989C /* Feed Feature */,
				8513C18B2AD05F1C0095989C /* Feed API */,
				85723FF02B51BF0A0033CDD3 /* Feed Presentation */,
			);
			path = MyEssentialFeed;
			sourceTree = "<group>";
		};
		8513C1782ACE8ECD0095989C /* MyEssentialFeedTests */ = {
			isa = PBXGroup;
			children = (
				856B3F222AD864F70079FA82 /* Helpers */,
				8537E9152AE817E700114370 /* Feed Cache */,
				859DC1C42AD5255C008DFD8C /* Feed API */,
				85F248AF2B51280F00D2733E /* Feed Presentation */,
			);
			path = MyEssentialFeedTests;
			sourceTree = "<group>";
		};
		8513C1882ACE91920095989C /* Feed Feature */ = {
			isa = PBXGroup;
			children = (
				8513C1842ACE8EE70095989C /* FeedImage.swift */,
				8513C1862ACE903A0095989C /* FeedLoader.swift */,
			);
			path = "Feed Feature";
			sourceTree = "<group>";
		};
		8513C18B2AD05F1C0095989C /* Feed API */ = {
			isa = PBXGroup;
			children = (
				8513C18C2AD05F350095989C /* RemoteFeedLoader.swift */,
				859DC1C02AD45FFF008DFD8C /* HTTPClient.swift */,
				859DC1C22AD46049008DFD8C /* FeedItemsMapper.swift */,
				85DA273A2AD9A3E7002A62F4 /* URLSessionHTTPClient.swift */,
				8537E91D2AEFB12E00114370 /* RemoteFeedItem.swift */,
			);
			path = "Feed API";
			sourceTree = "<group>";
		};
		8520948B2B12637A0038C7EE /* Frameworks */ = {
			isa = PBXGroup;
			children = (
			);
			name = Frameworks;
			sourceTree = "<group>";
		};
		8525F2D02B0FD08C00BD7CCA /* MyEssentialFeediOS */ = {
			isa = PBXGroup;
			children = (
				858D8DEB2B2A5807003C8196 /* Feed Image Loader */,
				858110F32B3752B10037F3BA /* Feed Presentation */,
				858D8DEE2B2A58B3003C8196 /* Feed UI */,
			);
			path = MyEssentialFeediOS;
			sourceTree = "<group>";
		};
		8525F2DA2B0FD08C00BD7CCA /* MyEssentialFeediOSTests */ = {
			isa = PBXGroup;
			children = (
				852AEFB92B409E5800886E0B /* Feed Presentation */,
				858D8DFA2B2A5B79003C8196 /* Feed UI */,
			);
			path = MyEssentialFeediOSTests;
			sourceTree = "<group>";
		};
		852AEFB92B409E5800886E0B /* Feed Presentation */ = {
			isa = PBXGroup;
			children = (
				852AEFBA2B409E9B00886E0B /* FeedLocalizationTests.swift */,
			);
			path = "Feed Presentation";
			sourceTree = "<group>";
		};
		8537E9152AE817E700114370 /* Feed Cache */ = {
			isa = PBXGroup;
			children = (
				85776FA92AFFF64F007AF2F0 /* FeedStoreSpecs */,
				8537E9232AF0044A00114370 /* Helpers */,
				8537E9162AE8181300114370 /* CacheFeedUseCaseTests.swift */,
				8537E9212AF0020A00114370 /* LoadFeedFromCacheUseCaseTest.swift */,
				853ADEA02AF0F407007FA902 /* ValidateFeedCacheUseCaseTests.swift */,
				853ADEA82AF3E95D007FA902 /* CodableFeedStoreTests.swift */,
				85776F7F2AFE4AE2007AF2F0 /* CoreDataFeedStoreTests.swift */,
			);
			path = "Feed Cache";
			sourceTree = "<group>";
		};
		8537E9182AEA7A7900114370 /* Feed Cache */ = {
			isa = PBXGroup;
			children = (
				85776FAC2B0131F8007AF2F0 /* Infrastructure */,
				8537E9192AEA7A8D00114370 /* LocalFeedLoader.swift */,
				8537E91B2AEA9B3600114370 /* FeedStore.swift */,
				8537E91F2AEFB17800114370 /* LocalFeedImage.swift */,
				853ADEA62AF2A492007FA902 /* FeedCachePolicy.swift */,
			);
			path = "Feed Cache";
			sourceTree = "<group>";
		};
		8537E9232AF0044A00114370 /* Helpers */ = {
			isa = PBXGroup;
			children = (
				8537E9242AF0046A00114370 /* FeedStoreSpy.swift */,
				853ADEA22AF10AFC007FA902 /* FeedCacheTestHelpers.swift */,
			);
			path = Helpers;
			sourceTree = "<group>";
		};
		854CDA992ADAE1E0000CC9EC /* MyEssentialFeedAPIEndToEndTests */ = {
			isa = PBXGroup;
			children = (
				854CDA9A2ADAE1E0000CC9EC /* MyEssentialFeedAPIEndToEndTests.swift */,
			);
			path = MyEssentialFeedAPIEndToEndTests;
			sourceTree = "<group>";
		};
		856B3F222AD864F70079FA82 /* Helpers */ = {
			isa = PBXGroup;
			children = (
				856B3F232AD865250079FA82 /* XCTestCase+MemoryLeakTrackingHelper.swift */,
				853ADEA42AF10C39007FA902 /* SharedTestHelpers.swift */,
			);
			path = Helpers;
			sourceTree = "<group>";
		};
		85723FF02B51BF0A0033CDD3 /* Feed Presentation */ = {
			isa = PBXGroup;
			children = (
				85723FF12B51BF3D0033CDD3 /* FeedPresenter.swift */,
				85723FEE2B51BD980033CDD3 /* Feed.strings */,
				85723FF82B51C1350033CDD3 /* FeedViewModel.swift */,
			);
			path = "Feed Presentation";
			sourceTree = "<group>";
		};
		85776FA92AFFF64F007AF2F0 /* FeedStoreSpecs */ = {
			isa = PBXGroup;
			children = (
				85776F7B2AFA5541007AF2F0 /* FeedStoreSpecs.swift */,
				85776FB52B0138FE007AF2F0 /* XCTestCase+FailableDeleteFeedStoreSpecs.swift */,
				85776FB72B013A13007AF2F0 /* XCTestCase+FailableInsertFeedStoreSpecs.swift */,
				85776FB92B013A92007AF2F0 /* XCTestCase+FailableRetrieveFeedStoreSpecs.swift */,
				85776F7D2AFA56E4007AF2F0 /* XCTestCase+FeedStoreSpecs.swift */,
			);
			path = FeedStoreSpecs;
			sourceTree = "<group>";
		};
		85776FAC2B0131F8007AF2F0 /* Infrastructure */ = {
			isa = PBXGroup;
			children = (
				85776FAE2B0132B5007AF2F0 /* Codable */,
				85776FAD2B013251007AF2F0 /* Core Data */,
			);
			path = Infrastructure;
			sourceTree = "<group>";
		};
		85776FAD2B013251007AF2F0 /* Core Data */ = {
			isa = PBXGroup;
			children = (
				85776F812AFE4F62007AF2F0 /* CoreDataFeedStore.swift */,
				85776FAF2B013375007AF2F0 /* CoreDataHelpers.swift */,
				85776FB12B01340D007AF2F0 /* ManagedCache.swift */,
				85776FB32B01363B007AF2F0 /* ManagedFeedImage.swift */,
				85776F832AFE71E3007AF2F0 /* FeedStore.xcdatamodeld */,
			);
			path = "Core Data";
			sourceTree = "<group>";
		};
		85776FAE2B0132B5007AF2F0 /* Codable */ = {
			isa = PBXGroup;
			children = (
				85776F792AF7F5B5007AF2F0 /* CodableFeedStore.swift */,
			);
			path = Codable;
			sourceTree = "<group>";
		};
		85776FC02B020961007AF2F0 /* MyEssentialFeedCacheIntegrationTests */ = {
			isa = PBXGroup;
			children = (
				85776FC12B020961007AF2F0 /* MyEssentialFeedCacheIntegrationTests.swift */,
			);
			path = MyEssentialFeedCacheIntegrationTests;
			sourceTree = "<group>";
		};
		858110F32B3752B10037F3BA /* Feed Presentation */ = {
			isa = PBXGroup;
			children = (
				858110F42B37534D0037F3BA /* FeedPresenter.swift */,
				858110F12B317A310037F3BA /* FeedImageViewModel.swift */,
				8538F4482B38325200AE10D2 /* FeedImagePresenter.swift */,
				8538F44A2B3842E300AE10D2 /* FeedLoadingViewModel.swift */,
				8538F44C2B38430C00AE10D2 /* FeedViewModel.swift */,
				852AEFB72B3EB24600886E0B /* Feed.strings */,
				85F248AB2B50265500D2733E /* FeedErrorViewModel.swift */,
			);
			path = "Feed Presentation";
			sourceTree = "<group>";
		};
		858D8DEB2B2A5807003C8196 /* Feed Image Loader */ = {
			isa = PBXGroup;
			children = (
				858D8DEC2B2A582A003C8196 /* FeedImageDataLoader.swift */,
			);
			path = "Feed Image Loader";
			sourceTree = "<group>";
		};
		858D8DEE2B2A58B3003C8196 /* Feed UI */ = {
			isa = PBXGroup;
			children = (
				85A5B7BB2B2AE783007F3A63 /* Composers */,
				858D8DEF2B2A58BD003C8196 /* Controllers */,
				858D8DF02B2A58CE003C8196 /* Views */,
			);
			path = "Feed UI";
			sourceTree = "<group>";
		};
		858D8DEF2B2A58BD003C8196 /* Controllers */ = {
			isa = PBXGroup;
			children = (
				858D8DB72B20F24F003C8196 /* FeedViewController.swift */,
				85A5B7B92B2AE2C2007F3A63 /* FeedImageCellController.swift */,
			);
			path = Controllers;
			sourceTree = "<group>";
		};
		858D8DF02B2A58CE003C8196 /* Views */ = {
			isa = PBXGroup;
			children = (
				85F248AA2B50260A00D2733E /* Helpers */,
				858D8DB92B23CA8E003C8196 /* FeedImageCell.swift */,
				8538F44E2B3C07EB00AE10D2 /* Feed.storyboard */,
				8538F4502B3C086700AE10D2 /* Feed.xcassets */,
				85F248A82B4FD51300D2733E /* ErrorView.swift */,
			);
			path = Views;
			sourceTree = "<group>";
		};
		858D8DFA2B2A5B79003C8196 /* Feed UI */ = {
			isa = PBXGroup;
			children = (
				858D8DFC2B2A5BC9003C8196 /* Helpers */,
				855321362B125D12005E55B3 /* FeedUIIntegrationTests.swift */,
			);
			path = "Feed UI";
			sourceTree = "<group>";
		};
		858D8DFC2B2A5BC9003C8196 /* Helpers */ = {
			isa = PBXGroup;
			children = (
				858D8DF22B2A5960003C8196 /* UIImage+TestHelpers.swift */,
				858D8DF42B2A59F9003C8196 /* UIRefreshControl+TestHelpers.swift */,
				858D8DF62B2A5A43003C8196 /* UIButton+TestHelpers.swift */,
				858D8DF82B2A5A94003C8196 /* UIControl+TestHelpers.swift */,
				858D8DFD2B2A5BE8003C8196 /* FeedViewController+TestHelpers.swift */,
				858D8DFF2B2A5CC1003C8196 /* FeedImageCell+TestHelpers.swift */,
				858D8E012B2A5D0F003C8196 /* FeedViewControllerTests+LoaderSpy.swift */,
				85A5B7B52B2A5E2B007F3A63 /* FeedViewControllerTests+Assertions.swift */,
				852AEFB12B3EAEFD00886E0B /* FeedViewControllerTests+Localization.swift */,
			);
			path = Helpers;
			sourceTree = "<group>";
		};
		859DC1C42AD5255C008DFD8C /* Feed API */ = {
			isa = PBXGroup;
			children = (
				8513C1892AD04A9E0095989C /* LoadFeedFromRemoteUseCaseTests.swift */,
				859DC1C52AD646C7008DFD8C /* URLSessionHTTPClientTests.swift */,
			);
			path = "Feed API";
			sourceTree = "<group>";
		};
		85A5B7BB2B2AE783007F3A63 /* Composers */ = {
			isa = PBXGroup;
			children = (
				85A5B7BC2B2AE78F007F3A63 /* FeedUIComposer.swift */,
				852AEFBC2B4543AC00886E0B /* MainQueueDispatchDecorator.swift */,
				852AEFBE2B45446000886E0B /* WeakRefVirtualProxy.swift */,
				852AEFC02B4544D100886E0B /* FeedImageDataLoaderPresentationAdapter.swift */,
				852AEFC22B4545A300886E0B /* FeedLoaderPresentationAdapter.swift */,
				852AEFC42B45466500886E0B /* FeedViewAdapter.swift */,
			);
			path = Composers;
			sourceTree = "<group>";
		};
		85F248AA2B50260A00D2733E /* Helpers */ = {
			isa = PBXGroup;
			children = (
				858D8DBB2B24E65C003C8196 /* UIView+Shimmering.swift */,
				8538F4522B3D5C0D00AE10D2 /* UITableView+Dequeuing.swift */,
				8538F4542B3D5D5000AE10D2 /* UIImageView+Animations.swift */,
				85F248AD2B5026C900D2733E /* UIRefreshControl+Helpers.swift */,
			);
			path = Helpers;
			sourceTree = "<group>";
		};
		85F248AF2B51280F00D2733E /* Feed Presentation */ = {
			isa = PBXGroup;
			children = (
				85723FE82B5128FD0033CDD3 /* FeedPresenterTests.swift */,
			);
			path = "Feed Presentation";
			sourceTree = "<group>";
		};
/* End PBXGroup section */

/* Begin PBXHeadersBuildPhase section */
		8513C1672ACE8ECD0095989C /* Headers */ = {
			isa = PBXHeadersBuildPhase;
			buildActionMask = 2147483647;
			files = (
				8513C17B2ACE8ECD0095989C /* MyEssentialFeed.h in Headers */,
			);
			runOnlyForDeploymentPostprocessing = 0;
		};
		8525F2CA2B0FD08C00BD7CCA /* Headers */ = {
			isa = PBXHeadersBuildPhase;
			buildActionMask = 2147483647;
			files = (
			);
			runOnlyForDeploymentPostprocessing = 0;
		};
/* End PBXHeadersBuildPhase section */

/* Begin PBXNativeTarget section */
		8513C16B2ACE8ECD0095989C /* MyEssentialFeed */ = {
			isa = PBXNativeTarget;
			buildConfigurationList = 8513C17E2ACE8ECD0095989C /* Build configuration list for PBXNativeTarget "MyEssentialFeed" */;
			buildPhases = (
				8513C1672ACE8ECD0095989C /* Headers */,
				8513C1682ACE8ECD0095989C /* Sources */,
				8513C1692ACE8ECD0095989C /* Frameworks */,
				8513C16A2ACE8ECD0095989C /* Resources */,
			);
			buildRules = (
			);
			dependencies = (
			);
			name = MyEssentialFeed;
			productName = MyEssentialFeed;
			productReference = 8513C16C2ACE8ECD0095989C /* MyEssentialFeed.framework */;
			productType = "com.apple.product-type.framework";
		};
		8513C1732ACE8ECD0095989C /* MyEssentialFeedTests */ = {
			isa = PBXNativeTarget;
			buildConfigurationList = 8513C1812ACE8ECD0095989C /* Build configuration list for PBXNativeTarget "MyEssentialFeedTests" */;
			buildPhases = (
				8513C1702ACE8ECD0095989C /* Sources */,
				8513C1712ACE8ECD0095989C /* Frameworks */,
				8513C1722ACE8ECD0095989C /* Resources */,
			);
			buildRules = (
			);
			dependencies = (
				8513C1772ACE8ECD0095989C /* PBXTargetDependency */,
			);
			name = MyEssentialFeedTests;
			productName = MyEssentialFeedTests;
			productReference = 8513C1742ACE8ECD0095989C /* MyEssentialFeedTests.xctest */;
			productType = "com.apple.product-type.bundle.unit-test";
		};
		8525F2CE2B0FD08C00BD7CCA /* MyEssentialFeediOS */ = {
			isa = PBXNativeTarget;
			buildConfigurationList = 8525F2DE2B0FD08C00BD7CCA /* Build configuration list for PBXNativeTarget "MyEssentialFeediOS" */;
			buildPhases = (
				8525F2CA2B0FD08C00BD7CCA /* Headers */,
				8525F2CB2B0FD08C00BD7CCA /* Sources */,
				8525F2CC2B0FD08C00BD7CCA /* Frameworks */,
				8525F2CD2B0FD08C00BD7CCA /* Resources */,
				852094902B12637A0038C7EE /* Embed Frameworks */,
			);
			buildRules = (
			);
			dependencies = (
				8520948F2B12637A0038C7EE /* PBXTargetDependency */,
			);
			name = MyEssentialFeediOS;
			productName = MyEssentialFeediOS;
			productReference = 8525F2CF2B0FD08C00BD7CCA /* MyEssentialFeediOS.framework */;
			productType = "com.apple.product-type.framework";
		};
		8525F2D52B0FD08C00BD7CCA /* MyEssentialFeediOSTests */ = {
			isa = PBXNativeTarget;
			buildConfigurationList = 8525F2E12B0FD08C00BD7CCA /* Build configuration list for PBXNativeTarget "MyEssentialFeediOSTests" */;
			buildPhases = (
				8525F2D22B0FD08C00BD7CCA /* Sources */,
				8525F2D32B0FD08C00BD7CCA /* Frameworks */,
				8525F2D42B0FD08C00BD7CCA /* Resources */,
			);
			buildRules = (
			);
			dependencies = (
				8525F2D92B0FD08C00BD7CCA /* PBXTargetDependency */,
			);
			name = MyEssentialFeediOSTests;
			productName = MyEssentialFeediOSTests;
			productReference = 8525F2D62B0FD08C00BD7CCA /* MyEssentialFeediOSTests.xctest */;
			productType = "com.apple.product-type.bundle.unit-test";
		};
		854CDA972ADAE1E0000CC9EC /* MyEssentialFeedAPIEndToEndTests */ = {
			isa = PBXNativeTarget;
			buildConfigurationList = 854CDA9F2ADAE1E0000CC9EC /* Build configuration list for PBXNativeTarget "MyEssentialFeedAPIEndToEndTests" */;
			buildPhases = (
				854CDA942ADAE1E0000CC9EC /* Sources */,
				854CDA952ADAE1E0000CC9EC /* Frameworks */,
				854CDA962ADAE1E0000CC9EC /* Resources */,
			);
			buildRules = (
			);
			dependencies = (
				854CDA9E2ADAE1E0000CC9EC /* PBXTargetDependency */,
			);
			name = MyEssentialFeedAPIEndToEndTests;
			productName = MyEssentialFeedAPIEndToEndTests;
			productReference = 854CDA982ADAE1E0000CC9EC /* MyEssentialFeedAPIEndToEndTests.xctest */;
			productType = "com.apple.product-type.bundle.unit-test";
		};
		85776FBE2B020961007AF2F0 /* MyEssentialFeedCacheIntegrationTests */ = {
			isa = PBXNativeTarget;
			buildConfigurationList = 85776FC82B020961007AF2F0 /* Build configuration list for PBXNativeTarget "MyEssentialFeedCacheIntegrationTests" */;
			buildPhases = (
				85776FBB2B020961007AF2F0 /* Sources */,
				85776FBC2B020961007AF2F0 /* Frameworks */,
				85776FBD2B020961007AF2F0 /* Resources */,
			);
			buildRules = (
			);
			dependencies = (
				85776FC52B020961007AF2F0 /* PBXTargetDependency */,
			);
			name = MyEssentialFeedCacheIntegrationTests;
			productName = MyEssentialFeedCacheIntegrationTests;
			productReference = 85776FBF2B020961007AF2F0 /* MyEssentialFeedCacheIntegrationTests.xctest */;
			productType = "com.apple.product-type.bundle.unit-test";
		};
/* End PBXNativeTarget section */

/* Begin PBXProject section */
		8513C1632ACE8ECD0095989C /* Project object */ = {
			isa = PBXProject;
			attributes = {
				BuildIndependentTargetsInParallel = 1;
				LastSwiftUpdateCheck = 1500;
				LastUpgradeCheck = 1430;
				TargetAttributes = {
					8513C16B2ACE8ECD0095989C = {
						CreatedOnToolsVersion = 14.3.1;
						LastSwiftMigration = 1430;
					};
					8513C1732ACE8ECD0095989C = {
						CreatedOnToolsVersion = 14.3.1;
					};
					8525F2CE2B0FD08C00BD7CCA = {
						CreatedOnToolsVersion = 15.0;
						LastSwiftMigration = 1500;
					};
					8525F2D52B0FD08C00BD7CCA = {
						CreatedOnToolsVersion = 15.0;
						LastSwiftMigration = 1500;
					};
					854CDA972ADAE1E0000CC9EC = {
						CreatedOnToolsVersion = 14.3.1;
					};
					85776FBE2B020961007AF2F0 = {
						CreatedOnToolsVersion = 15.0;
					};
				};
			};
			buildConfigurationList = 8513C1662ACE8ECD0095989C /* Build configuration list for PBXProject "MyEssentialFeed" */;
			compatibilityVersion = "Xcode 14.0";
			developmentRegion = en;
			hasScannedForEncodings = 0;
			knownRegions = (
				en,
				Base,
				"pt-BR",
			);
			mainGroup = 8513C1622ACE8ECD0095989C;
			productRefGroup = 8513C16D2ACE8ECD0095989C /* Products */;
			projectDirPath = "";
			projectRoot = "";
			targets = (
				8513C16B2ACE8ECD0095989C /* MyEssentialFeed */,
				8513C1732ACE8ECD0095989C /* MyEssentialFeedTests */,
				854CDA972ADAE1E0000CC9EC /* MyEssentialFeedAPIEndToEndTests */,
				85776FBE2B020961007AF2F0 /* MyEssentialFeedCacheIntegrationTests */,
				8525F2CE2B0FD08C00BD7CCA /* MyEssentialFeediOS */,
				8525F2D52B0FD08C00BD7CCA /* MyEssentialFeediOSTests */,
			);
		};
/* End PBXProject section */

/* Begin PBXResourcesBuildPhase section */
		8513C16A2ACE8ECD0095989C /* Resources */ = {
			isa = PBXResourcesBuildPhase;
			buildActionMask = 2147483647;
			files = (
				85723FF32B51C0490033CDD3 /* Feed.strings in Resources */,
			);
			runOnlyForDeploymentPostprocessing = 0;
		};
		8513C1722ACE8ECD0095989C /* Resources */ = {
			isa = PBXResourcesBuildPhase;
			buildActionMask = 2147483647;
			files = (
			);
			runOnlyForDeploymentPostprocessing = 0;
		};
		8525F2CD2B0FD08C00BD7CCA /* Resources */ = {
			isa = PBXResourcesBuildPhase;
			buildActionMask = 2147483647;
			files = (
				8538F44F2B3C07EB00AE10D2 /* Feed.storyboard in Resources */,
				8538F4512B3C086700AE10D2 /* Feed.xcassets in Resources */,
				852AEFB52B3EB24600886E0B /* Feed.strings in Resources */,
			);
			runOnlyForDeploymentPostprocessing = 0;
		};
		8525F2D42B0FD08C00BD7CCA /* Resources */ = {
			isa = PBXResourcesBuildPhase;
			buildActionMask = 2147483647;
			files = (
			);
			runOnlyForDeploymentPostprocessing = 0;
		};
		854CDA962ADAE1E0000CC9EC /* Resources */ = {
			isa = PBXResourcesBuildPhase;
			buildActionMask = 2147483647;
			files = (
			);
			runOnlyForDeploymentPostprocessing = 0;
		};
		85776FBD2B020961007AF2F0 /* Resources */ = {
			isa = PBXResourcesBuildPhase;
			buildActionMask = 2147483647;
			files = (
			);
			runOnlyForDeploymentPostprocessing = 0;
		};
/* End PBXResourcesBuildPhase section */

/* Begin PBXSourcesBuildPhase section */
		8513C1682ACE8ECD0095989C /* Sources */ = {
			isa = PBXSourcesBuildPhase;
			buildActionMask = 2147483647;
			files = (
				85723FF92B51C1350033CDD3 /* FeedViewModel.swift in Sources */,
				85776FB02B013375007AF2F0 /* CoreDataHelpers.swift in Sources */,
				859DC1C32AD46049008DFD8C /* FeedItemsMapper.swift in Sources */,
				8513C1872ACE903A0095989C /* FeedLoader.swift in Sources */,
				8537E91E2AEFB12E00114370 /* RemoteFeedItem.swift in Sources */,
				85723FF22B51BF3D0033CDD3 /* FeedPresenter.swift in Sources */,
				853ADEA72AF2A492007FA902 /* FeedCachePolicy.swift in Sources */,
				8513C18D2AD05F350095989C /* RemoteFeedLoader.swift in Sources */,
				85776F852AFE71E3007AF2F0 /* FeedStore.xcdatamodeld in Sources */,
				8537E9202AEFB17800114370 /* LocalFeedImage.swift in Sources */,
				8537E91C2AEA9B3600114370 /* FeedStore.swift in Sources */,
				8537E91A2AEA7A8D00114370 /* LocalFeedLoader.swift in Sources */,
				85776F7A2AF7F5B5007AF2F0 /* CodableFeedStore.swift in Sources */,
				859DC1C12AD46000008DFD8C /* HTTPClient.swift in Sources */,
				8513C1852ACE8EE70095989C /* FeedImage.swift in Sources */,
				85DA273B2AD9A3E7002A62F4 /* URLSessionHTTPClient.swift in Sources */,
				85776FB22B01340D007AF2F0 /* ManagedCache.swift in Sources */,
				85776F822AFE4F62007AF2F0 /* CoreDataFeedStore.swift in Sources */,
				85776FB42B01363B007AF2F0 /* ManagedFeedImage.swift in Sources */,
			);
			runOnlyForDeploymentPostprocessing = 0;
		};
		8513C1702ACE8ECD0095989C /* Sources */ = {
			isa = PBXSourcesBuildPhase;
			buildActionMask = 2147483647;
			files = (
				853ADEA92AF3E95D007FA902 /* CodableFeedStoreTests.swift in Sources */,
				85776FBA2B013A92007AF2F0 /* XCTestCase+FailableRetrieveFeedStoreSpecs.swift in Sources */,
				85776F802AFE4AE2007AF2F0 /* CoreDataFeedStoreTests.swift in Sources */,
				853ADEA32AF10AFC007FA902 /* FeedCacheTestHelpers.swift in Sources */,
				8513C18A2AD04A9E0095989C /* LoadFeedFromRemoteUseCaseTests.swift in Sources */,
				856B3F242AD865250079FA82 /* XCTestCase+MemoryLeakTrackingHelper.swift in Sources */,
				85723FE92B5128FD0033CDD3 /* FeedPresenterTests.swift in Sources */,
				8537E9252AF0046A00114370 /* FeedStoreSpy.swift in Sources */,
				85776FB62B0138FE007AF2F0 /* XCTestCase+FailableDeleteFeedStoreSpecs.swift in Sources */,
				8537E9172AE8181300114370 /* CacheFeedUseCaseTests.swift in Sources */,
				853ADEA52AF10C39007FA902 /* SharedTestHelpers.swift in Sources */,
				853ADEA12AF0F407007FA902 /* ValidateFeedCacheUseCaseTests.swift in Sources */,
				859DC1C62AD646C7008DFD8C /* URLSessionHTTPClientTests.swift in Sources */,
				85776F7C2AFA5541007AF2F0 /* FeedStoreSpecs.swift in Sources */,
				8537E9222AF0020A00114370 /* LoadFeedFromCacheUseCaseTest.swift in Sources */,
				85776F7E2AFA56E4007AF2F0 /* XCTestCase+FeedStoreSpecs.swift in Sources */,
				85776FB82B013A13007AF2F0 /* XCTestCase+FailableInsertFeedStoreSpecs.swift in Sources */,
			);
			runOnlyForDeploymentPostprocessing = 0;
		};
		8525F2CB2B0FD08C00BD7CCA /* Sources */ = {
			isa = PBXSourcesBuildPhase;
			buildActionMask = 2147483647;
			files = (
				858110F52B37534D0037F3BA /* FeedPresenter.swift in Sources */,
				858D8DED2B2A582A003C8196 /* FeedImageDataLoader.swift in Sources */,
				85F248A92B4FD51300D2733E /* ErrorView.swift in Sources */,
				85F248AE2B5026C900D2733E /* UIRefreshControl+Helpers.swift in Sources */,
				8538F44D2B38430C00AE10D2 /* FeedViewModel.swift in Sources */,
				8538F44B2B3842E300AE10D2 /* FeedLoadingViewModel.swift in Sources */,
				858D8DBC2B24E65C003C8196 /* UIView+Shimmering.swift in Sources */,
				8538F4532B3D5C0D00AE10D2 /* UITableView+Dequeuing.swift in Sources */,
				852AEFC32B4545A300886E0B /* FeedLoaderPresentationAdapter.swift in Sources */,
				8538F4492B38325200AE10D2 /* FeedImagePresenter.swift in Sources */,
				852AEFBF2B45446000886E0B /* WeakRefVirtualProxy.swift in Sources */,
				8538F4552B3D5D5000AE10D2 /* UIImageView+Animations.swift in Sources */,
				852AEFBD2B4543AC00886E0B /* MainQueueDispatchDecorator.swift in Sources */,
				858D8DB82B20F24F003C8196 /* FeedViewController.swift in Sources */,
				858D8DBA2B23CA8E003C8196 /* FeedImageCell.swift in Sources */,
				852AEFC12B4544D100886E0B /* FeedImageDataLoaderPresentationAdapter.swift in Sources */,
				858110F22B317A310037F3BA /* FeedImageViewModel.swift in Sources */,
				85A5B7BA2B2AE2C2007F3A63 /* FeedImageCellController.swift in Sources */,
				85F248AC2B50265500D2733E /* FeedErrorViewModel.swift in Sources */,
				852AEFC52B45466500886E0B /* FeedViewAdapter.swift in Sources */,
				85A5B7BD2B2AE78F007F3A63 /* FeedUIComposer.swift in Sources */,
			);
			runOnlyForDeploymentPostprocessing = 0;
		};
		8525F2D22B0FD08C00BD7CCA /* Sources */ = {
			isa = PBXSourcesBuildPhase;
			buildActionMask = 2147483647;
			files = (
				855321372B125D12005E55B3 /* FeedUIIntegrationTests.swift in Sources */,
				85A5B7B62B2A5E2B007F3A63 /* FeedViewControllerTests+Assertions.swift in Sources */,
				852AEFBB2B409E9B00886E0B /* FeedLocalizationTests.swift in Sources */,
				858D8DF72B2A5A43003C8196 /* UIButton+TestHelpers.swift in Sources */,
				858D8DF52B2A59F9003C8196 /* UIRefreshControl+TestHelpers.swift in Sources */,
				858D8DF92B2A5A94003C8196 /* UIControl+TestHelpers.swift in Sources */,
				858D8E022B2A5D0F003C8196 /* FeedViewControllerTests+LoaderSpy.swift in Sources */,
				858D8DFE2B2A5BE8003C8196 /* FeedViewController+TestHelpers.swift in Sources */,
				852094912B12660D0038C7EE /* XCTestCase+MemoryLeakTrackingHelper.swift in Sources */,
				858D8DF32B2A5960003C8196 /* UIImage+TestHelpers.swift in Sources */,
				858D8E002B2A5CC1003C8196 /* FeedImageCell+TestHelpers.swift in Sources */,
				852AEFB22B3EAEFD00886E0B /* FeedViewControllerTests+Localization.swift in Sources */,
			);
			runOnlyForDeploymentPostprocessing = 0;
		};
		854CDA942ADAE1E0000CC9EC /* Sources */ = {
			isa = PBXSourcesBuildPhase;
			buildActionMask = 2147483647;
			files = (
				854CDA9B2ADAE1E0000CC9EC /* MyEssentialFeedAPIEndToEndTests.swift in Sources */,
				854CDAA22ADAECB4000CC9EC /* XCTestCase+MemoryLeakTrackingHelper.swift in Sources */,
			);
			runOnlyForDeploymentPostprocessing = 0;
		};
		85776FBB2B020961007AF2F0 /* Sources */ = {
			isa = PBXSourcesBuildPhase;
			buildActionMask = 2147483647;
			files = (
				857834DA2B02385F000637DA /* SharedTestHelpers.swift in Sources */,
				85776FC22B020961007AF2F0 /* MyEssentialFeedCacheIntegrationTests.swift in Sources */,
				857834D92B023849000637DA /* FeedCacheTestHelpers.swift in Sources */,
				85776FCA2B020E23007AF2F0 /* XCTestCase+MemoryLeakTrackingHelper.swift in Sources */,
			);
			runOnlyForDeploymentPostprocessing = 0;
		};
/* End PBXSourcesBuildPhase section */

/* Begin PBXTargetDependency section */
		8513C1772ACE8ECD0095989C /* PBXTargetDependency */ = {
			isa = PBXTargetDependency;
			target = 8513C16B2ACE8ECD0095989C /* MyEssentialFeed */;
			targetProxy = 8513C1762ACE8ECD0095989C /* PBXContainerItemProxy */;
		};
		8520948F2B12637A0038C7EE /* PBXTargetDependency */ = {
			isa = PBXTargetDependency;
			platformFilter = ios;
			target = 8513C16B2ACE8ECD0095989C /* MyEssentialFeed */;
			targetProxy = 8520948E2B12637A0038C7EE /* PBXContainerItemProxy */;
		};
		8525F2D92B0FD08C00BD7CCA /* PBXTargetDependency */ = {
			isa = PBXTargetDependency;
			target = 8525F2CE2B0FD08C00BD7CCA /* MyEssentialFeediOS */;
			targetProxy = 8525F2D82B0FD08C00BD7CCA /* PBXContainerItemProxy */;
		};
		854CDA9E2ADAE1E0000CC9EC /* PBXTargetDependency */ = {
			isa = PBXTargetDependency;
			target = 8513C16B2ACE8ECD0095989C /* MyEssentialFeed */;
			targetProxy = 854CDA9D2ADAE1E0000CC9EC /* PBXContainerItemProxy */;
		};
		85776FC52B020961007AF2F0 /* PBXTargetDependency */ = {
			isa = PBXTargetDependency;
			target = 8513C16B2ACE8ECD0095989C /* MyEssentialFeed */;
			targetProxy = 85776FC42B020961007AF2F0 /* PBXContainerItemProxy */;
		};
/* End PBXTargetDependency section */

/* Begin PBXVariantGroup section */
		852AEFB72B3EB24600886E0B /* Feed.strings */ = {
			isa = PBXVariantGroup;
			children = (
				852AEFB62B3EB24600886E0B /* en */,
				852AEFB82B3EB26300886E0B /* pt-BR */,
			);
			name = Feed.strings;
			sourceTree = "<group>";
		};
		85723FEE2B51BD980033CDD3 /* Feed.strings */ = {
			isa = PBXVariantGroup;
			children = (
				85723FED2B51BD980033CDD3 /* en */,
				85723FEF2B51BD9C0033CDD3 /* pt-BR */,
			);
			name = Feed.strings;
			sourceTree = "<group>";
		};
/* End PBXVariantGroup section */

/* Begin XCBuildConfiguration section */
		8513C17C2ACE8ECD0095989C /* Debug */ = {
			isa = XCBuildConfiguration;
			buildSettings = {
				ALWAYS_SEARCH_USER_PATHS = NO;
				CLANG_ANALYZER_LOCALIZABILITY_NONLOCALIZED = YES;
				CLANG_ANALYZER_NONNULL = YES;
				CLANG_ANALYZER_NUMBER_OBJECT_CONVERSION = YES_AGGRESSIVE;
				CLANG_CXX_LANGUAGE_STANDARD = "gnu++20";
				CLANG_ENABLE_MODULES = YES;
				CLANG_ENABLE_OBJC_ARC = YES;
				CLANG_ENABLE_OBJC_WEAK = YES;
				CLANG_WARN_BLOCK_CAPTURE_AUTORELEASING = YES;
				CLANG_WARN_BOOL_CONVERSION = YES;
				CLANG_WARN_COMMA = YES;
				CLANG_WARN_CONSTANT_CONVERSION = YES;
				CLANG_WARN_DEPRECATED_OBJC_IMPLEMENTATIONS = YES;
				CLANG_WARN_DIRECT_OBJC_ISA_USAGE = YES_ERROR;
				CLANG_WARN_DOCUMENTATION_COMMENTS = YES;
				CLANG_WARN_EMPTY_BODY = YES;
				CLANG_WARN_ENUM_CONVERSION = YES;
				CLANG_WARN_INFINITE_RECURSION = YES;
				CLANG_WARN_INT_CONVERSION = YES;
				CLANG_WARN_NON_LITERAL_NULL_CONVERSION = YES;
				CLANG_WARN_OBJC_IMPLICIT_RETAIN_SELF = YES;
				CLANG_WARN_OBJC_LITERAL_CONVERSION = YES;
				CLANG_WARN_OBJC_ROOT_CLASS = YES_ERROR;
				CLANG_WARN_QUOTED_INCLUDE_IN_FRAMEWORK_HEADER = YES;
				CLANG_WARN_RANGE_LOOP_ANALYSIS = YES;
				CLANG_WARN_STRICT_PROTOTYPES = YES;
				CLANG_WARN_SUSPICIOUS_MOVE = YES;
				CLANG_WARN_UNGUARDED_AVAILABILITY = YES_AGGRESSIVE;
				CLANG_WARN_UNREACHABLE_CODE = YES;
				CLANG_WARN__DUPLICATE_METHOD_MATCH = YES;
				COPY_PHASE_STRIP = NO;
				CURRENT_PROJECT_VERSION = 1;
				DEBUG_INFORMATION_FORMAT = dwarf;
				ENABLE_STRICT_OBJC_MSGSEND = YES;
				ENABLE_TESTABILITY = YES;
				GCC_C_LANGUAGE_STANDARD = gnu11;
				GCC_DYNAMIC_NO_PIC = NO;
				GCC_NO_COMMON_BLOCKS = YES;
				GCC_OPTIMIZATION_LEVEL = 0;
				GCC_PREPROCESSOR_DEFINITIONS = (
					"DEBUG=1",
					"$(inherited)",
				);
				GCC_WARN_64_TO_32_BIT_CONVERSION = YES;
				GCC_WARN_ABOUT_RETURN_TYPE = YES_ERROR;
				GCC_WARN_UNDECLARED_SELECTOR = YES;
				GCC_WARN_UNINITIALIZED_AUTOS = YES_AGGRESSIVE;
				GCC_WARN_UNUSED_FUNCTION = YES;
				GCC_WARN_UNUSED_VARIABLE = YES;
				MACOSX_DEPLOYMENT_TARGET = 13.3;
				MTL_ENABLE_DEBUG_INFO = INCLUDE_SOURCE;
				MTL_FAST_MATH = YES;
				ONLY_ACTIVE_ARCH = YES;
				SDKROOT = macosx;
				SWIFT_ACTIVE_COMPILATION_CONDITIONS = DEBUG;
				SWIFT_OPTIMIZATION_LEVEL = "-Onone";
				VERSIONING_SYSTEM = "apple-generic";
				VERSION_INFO_PREFIX = "";
			};
			name = Debug;
		};
		8513C17D2ACE8ECD0095989C /* Release */ = {
			isa = XCBuildConfiguration;
			buildSettings = {
				ALWAYS_SEARCH_USER_PATHS = NO;
				CLANG_ANALYZER_LOCALIZABILITY_NONLOCALIZED = YES;
				CLANG_ANALYZER_NONNULL = YES;
				CLANG_ANALYZER_NUMBER_OBJECT_CONVERSION = YES_AGGRESSIVE;
				CLANG_CXX_LANGUAGE_STANDARD = "gnu++20";
				CLANG_ENABLE_MODULES = YES;
				CLANG_ENABLE_OBJC_ARC = YES;
				CLANG_ENABLE_OBJC_WEAK = YES;
				CLANG_WARN_BLOCK_CAPTURE_AUTORELEASING = YES;
				CLANG_WARN_BOOL_CONVERSION = YES;
				CLANG_WARN_COMMA = YES;
				CLANG_WARN_CONSTANT_CONVERSION = YES;
				CLANG_WARN_DEPRECATED_OBJC_IMPLEMENTATIONS = YES;
				CLANG_WARN_DIRECT_OBJC_ISA_USAGE = YES_ERROR;
				CLANG_WARN_DOCUMENTATION_COMMENTS = YES;
				CLANG_WARN_EMPTY_BODY = YES;
				CLANG_WARN_ENUM_CONVERSION = YES;
				CLANG_WARN_INFINITE_RECURSION = YES;
				CLANG_WARN_INT_CONVERSION = YES;
				CLANG_WARN_NON_LITERAL_NULL_CONVERSION = YES;
				CLANG_WARN_OBJC_IMPLICIT_RETAIN_SELF = YES;
				CLANG_WARN_OBJC_LITERAL_CONVERSION = YES;
				CLANG_WARN_OBJC_ROOT_CLASS = YES_ERROR;
				CLANG_WARN_QUOTED_INCLUDE_IN_FRAMEWORK_HEADER = YES;
				CLANG_WARN_RANGE_LOOP_ANALYSIS = YES;
				CLANG_WARN_STRICT_PROTOTYPES = YES;
				CLANG_WARN_SUSPICIOUS_MOVE = YES;
				CLANG_WARN_UNGUARDED_AVAILABILITY = YES_AGGRESSIVE;
				CLANG_WARN_UNREACHABLE_CODE = YES;
				CLANG_WARN__DUPLICATE_METHOD_MATCH = YES;
				COPY_PHASE_STRIP = NO;
				CURRENT_PROJECT_VERSION = 1;
				DEBUG_INFORMATION_FORMAT = "dwarf-with-dsym";
				ENABLE_NS_ASSERTIONS = NO;
				ENABLE_STRICT_OBJC_MSGSEND = YES;
				GCC_C_LANGUAGE_STANDARD = gnu11;
				GCC_NO_COMMON_BLOCKS = YES;
				GCC_WARN_64_TO_32_BIT_CONVERSION = YES;
				GCC_WARN_ABOUT_RETURN_TYPE = YES_ERROR;
				GCC_WARN_UNDECLARED_SELECTOR = YES;
				GCC_WARN_UNINITIALIZED_AUTOS = YES_AGGRESSIVE;
				GCC_WARN_UNUSED_FUNCTION = YES;
				GCC_WARN_UNUSED_VARIABLE = YES;
				MACOSX_DEPLOYMENT_TARGET = 13.3;
				MTL_ENABLE_DEBUG_INFO = NO;
				MTL_FAST_MATH = YES;
				SDKROOT = macosx;
				SWIFT_COMPILATION_MODE = wholemodule;
				SWIFT_OPTIMIZATION_LEVEL = "-O";
				VERSIONING_SYSTEM = "apple-generic";
				VERSION_INFO_PREFIX = "";
			};
			name = Release;
		};
		8513C17F2ACE8ECD0095989C /* Debug */ = {
			isa = XCBuildConfiguration;
			buildSettings = {
				CLANG_ENABLE_MODULES = YES;
				CODE_SIGN_STYLE = Automatic;
				COMBINE_HIDPI_IMAGES = YES;
				CURRENT_PROJECT_VERSION = 1;
				DEFINES_MODULE = YES;
				DEVELOPMENT_TEAM = 274M6WJ8NT;
				DYLIB_COMPATIBILITY_VERSION = 1;
				DYLIB_CURRENT_VERSION = 1;
				DYLIB_INSTALL_NAME_BASE = "@rpath";
				ENABLE_MODULE_VERIFIER = YES;
				GENERATE_INFOPLIST_FILE = YES;
				INFOPLIST_KEY_NSHumanReadableCopyright = "";
				INSTALL_PATH = "$(LOCAL_LIBRARY_DIR)/Frameworks";
				IPHONEOS_DEPLOYMENT_TARGET = 16.4;
				LD_RUNPATH_SEARCH_PATHS = (
					"$(inherited)",
					"@executable_path/../Frameworks",
					"@loader_path/Frameworks",
				);
				MACOSX_DEPLOYMENT_TARGET = 12.4;
				MARKETING_VERSION = 1.0;
				MODULE_VERIFIER_SUPPORTED_LANGUAGES = "objective-c objective-c++";
				MODULE_VERIFIER_SUPPORTED_LANGUAGE_STANDARDS = "gnu11 gnu++20";
				PRODUCT_BUNDLE_IDENTIFIER = com.matteocasu.MyEssentialFeed;
				PRODUCT_NAME = "$(TARGET_NAME:c99extidentifier)";
				SKIP_INSTALL = YES;
				SUPPORTED_PLATFORMS = "macosx iphoneos iphonesimulator";
				SWIFT_EMIT_LOC_STRINGS = YES;
				SWIFT_OPTIMIZATION_LEVEL = "-Onone";
				SWIFT_VERSION = 5.0;
			};
			name = Debug;
		};
		8513C1802ACE8ECD0095989C /* Release */ = {
			isa = XCBuildConfiguration;
			buildSettings = {
				CLANG_ENABLE_MODULES = YES;
				CODE_SIGN_STYLE = Automatic;
				COMBINE_HIDPI_IMAGES = YES;
				CURRENT_PROJECT_VERSION = 1;
				DEFINES_MODULE = YES;
				DEVELOPMENT_TEAM = 274M6WJ8NT;
				DYLIB_COMPATIBILITY_VERSION = 1;
				DYLIB_CURRENT_VERSION = 1;
				DYLIB_INSTALL_NAME_BASE = "@rpath";
				ENABLE_MODULE_VERIFIER = YES;
				GENERATE_INFOPLIST_FILE = YES;
				INFOPLIST_KEY_NSHumanReadableCopyright = "";
				INSTALL_PATH = "$(LOCAL_LIBRARY_DIR)/Frameworks";
				IPHONEOS_DEPLOYMENT_TARGET = 16.4;
				LD_RUNPATH_SEARCH_PATHS = (
					"$(inherited)",
					"@executable_path/../Frameworks",
					"@loader_path/Frameworks",
				);
				MACOSX_DEPLOYMENT_TARGET = 12.4;
				MARKETING_VERSION = 1.0;
				MODULE_VERIFIER_SUPPORTED_LANGUAGES = "objective-c objective-c++";
				MODULE_VERIFIER_SUPPORTED_LANGUAGE_STANDARDS = "gnu11 gnu++20";
				PRODUCT_BUNDLE_IDENTIFIER = com.matteocasu.MyEssentialFeed;
				PRODUCT_NAME = "$(TARGET_NAME:c99extidentifier)";
				SKIP_INSTALL = YES;
				SUPPORTED_PLATFORMS = "macosx iphoneos iphonesimulator";
				SWIFT_EMIT_LOC_STRINGS = YES;
				SWIFT_VERSION = 5.0;
			};
			name = Release;
		};
		8513C1822ACE8ECD0095989C /* Debug */ = {
			isa = XCBuildConfiguration;
			buildSettings = {
				ALWAYS_EMBED_SWIFT_STANDARD_LIBRARIES = YES;
				CODE_SIGN_STYLE = Automatic;
				CURRENT_PROJECT_VERSION = 1;
				DEVELOPMENT_TEAM = 274M6WJ8NT;
				GENERATE_INFOPLIST_FILE = YES;
				MACOSX_DEPLOYMENT_TARGET = 12.4;
				MARKETING_VERSION = 1.0;
				PRODUCT_BUNDLE_IDENTIFIER = com.matteocasu.MyEssentialFeedTests;
				PRODUCT_NAME = "$(TARGET_NAME)";
				SUPPORTED_PLATFORMS = "macosx iphonesimulator iphoneos";
				SWIFT_EMIT_LOC_STRINGS = NO;
				SWIFT_VERSION = 5.0;
			};
			name = Debug;
		};
		8513C1832ACE8ECD0095989C /* Release */ = {
			isa = XCBuildConfiguration;
			buildSettings = {
				ALWAYS_EMBED_SWIFT_STANDARD_LIBRARIES = YES;
				CODE_SIGN_STYLE = Automatic;
				CURRENT_PROJECT_VERSION = 1;
				DEVELOPMENT_TEAM = 274M6WJ8NT;
				GENERATE_INFOPLIST_FILE = YES;
				MACOSX_DEPLOYMENT_TARGET = 12.4;
				MARKETING_VERSION = 1.0;
				PRODUCT_BUNDLE_IDENTIFIER = com.matteocasu.MyEssentialFeedTests;
				PRODUCT_NAME = "$(TARGET_NAME)";
				SUPPORTED_PLATFORMS = "macosx iphonesimulator iphoneos";
				SWIFT_EMIT_LOC_STRINGS = NO;
				SWIFT_VERSION = 5.0;
			};
			name = Release;
		};
		8525F2DF2B0FD08C00BD7CCA /* Debug */ = {
			isa = XCBuildConfiguration;
			buildSettings = {
				ASSETCATALOG_COMPILER_GENERATE_SWIFT_ASSET_SYMBOL_EXTENSIONS = YES;
				CLANG_ENABLE_MODULES = YES;
				CODE_SIGN_STYLE = Automatic;
				CURRENT_PROJECT_VERSION = 1;
				DEFINES_MODULE = YES;
				DEVELOPMENT_TEAM = 274M6WJ8NT;
				DYLIB_COMPATIBILITY_VERSION = 1;
				DYLIB_CURRENT_VERSION = 1;
				DYLIB_INSTALL_NAME_BASE = "@rpath";
				ENABLE_MODULE_VERIFIER = YES;
				ENABLE_USER_SCRIPT_SANDBOXING = YES;
				GCC_C_LANGUAGE_STANDARD = gnu17;
				GENERATE_INFOPLIST_FILE = YES;
				INFOPLIST_KEY_NSHumanReadableCopyright = "";
				INSTALL_PATH = "$(LOCAL_LIBRARY_DIR)/Frameworks";
				IPHONEOS_DEPLOYMENT_TARGET = 16.4;
				LD_RUNPATH_SEARCH_PATHS = (
					"$(inherited)",
					"@executable_path/Frameworks",
					"@loader_path/Frameworks",
				);
				LOCALIZATION_PREFERS_STRING_CATALOGS = YES;
				MARKETING_VERSION = 1.0;
				MODULE_VERIFIER_SUPPORTED_LANGUAGES = "objective-c objective-c++";
				MODULE_VERIFIER_SUPPORTED_LANGUAGE_STANDARDS = "gnu17 gnu++20";
				PRODUCT_BUNDLE_IDENTIFIER = com.matteocasu.MyEssentialFeediOS;
				PRODUCT_NAME = "$(TARGET_NAME:c99extidentifier)";
				SDKROOT = iphoneos;
				SKIP_INSTALL = YES;
				SWIFT_ACTIVE_COMPILATION_CONDITIONS = "DEBUG $(inherited)";
				SWIFT_EMIT_LOC_STRINGS = YES;
				SWIFT_OPTIMIZATION_LEVEL = "-Onone";
				SWIFT_VERSION = 5.0;
				TARGETED_DEVICE_FAMILY = "1,2";
			};
			name = Debug;
		};
		8525F2E02B0FD08C00BD7CCA /* Release */ = {
			isa = XCBuildConfiguration;
			buildSettings = {
				ASSETCATALOG_COMPILER_GENERATE_SWIFT_ASSET_SYMBOL_EXTENSIONS = YES;
				CLANG_ENABLE_MODULES = YES;
				CODE_SIGN_STYLE = Automatic;
				CURRENT_PROJECT_VERSION = 1;
				DEFINES_MODULE = YES;
				DEVELOPMENT_TEAM = 274M6WJ8NT;
				DYLIB_COMPATIBILITY_VERSION = 1;
				DYLIB_CURRENT_VERSION = 1;
				DYLIB_INSTALL_NAME_BASE = "@rpath";
				ENABLE_MODULE_VERIFIER = YES;
				ENABLE_USER_SCRIPT_SANDBOXING = YES;
				GCC_C_LANGUAGE_STANDARD = gnu17;
				GENERATE_INFOPLIST_FILE = YES;
				INFOPLIST_KEY_NSHumanReadableCopyright = "";
				INSTALL_PATH = "$(LOCAL_LIBRARY_DIR)/Frameworks";
				IPHONEOS_DEPLOYMENT_TARGET = 16.4;
				LD_RUNPATH_SEARCH_PATHS = (
					"$(inherited)",
					"@executable_path/Frameworks",
					"@loader_path/Frameworks",
				);
				LOCALIZATION_PREFERS_STRING_CATALOGS = YES;
				MARKETING_VERSION = 1.0;
				MODULE_VERIFIER_SUPPORTED_LANGUAGES = "objective-c objective-c++";
				MODULE_VERIFIER_SUPPORTED_LANGUAGE_STANDARDS = "gnu17 gnu++20";
				PRODUCT_BUNDLE_IDENTIFIER = com.matteocasu.MyEssentialFeediOS;
				PRODUCT_NAME = "$(TARGET_NAME:c99extidentifier)";
				SDKROOT = iphoneos;
				SKIP_INSTALL = YES;
				SWIFT_EMIT_LOC_STRINGS = YES;
				SWIFT_VERSION = 5.0;
				TARGETED_DEVICE_FAMILY = "1,2";
				VALIDATE_PRODUCT = YES;
			};
			name = Release;
		};
		8525F2E22B0FD08C00BD7CCA /* Debug */ = {
			isa = XCBuildConfiguration;
			buildSettings = {
				ALWAYS_EMBED_SWIFT_STANDARD_LIBRARIES = YES;
				ASSETCATALOG_COMPILER_GENERATE_SWIFT_ASSET_SYMBOL_EXTENSIONS = YES;
				CLANG_ENABLE_MODULES = YES;
				CODE_SIGN_STYLE = Automatic;
				CURRENT_PROJECT_VERSION = 1;
				DEVELOPMENT_TEAM = 274M6WJ8NT;
				ENABLE_USER_SCRIPT_SANDBOXING = YES;
				GCC_C_LANGUAGE_STANDARD = gnu17;
				GENERATE_INFOPLIST_FILE = YES;
				IPHONEOS_DEPLOYMENT_TARGET = 16.4;
				LOCALIZATION_PREFERS_STRING_CATALOGS = YES;
				MARKETING_VERSION = 1.0;
				PRODUCT_BUNDLE_IDENTIFIER = com.matteocasu.MyEssentialFeediOSTests;
				PRODUCT_NAME = "$(TARGET_NAME)";
				SDKROOT = iphoneos;
				SWIFT_ACTIVE_COMPILATION_CONDITIONS = "DEBUG $(inherited)";
				SWIFT_EMIT_LOC_STRINGS = NO;
				SWIFT_OPTIMIZATION_LEVEL = "-Onone";
				SWIFT_VERSION = 5.0;
				TARGETED_DEVICE_FAMILY = "1,2";
			};
			name = Debug;
		};
		8525F2E32B0FD08C00BD7CCA /* Release */ = {
			isa = XCBuildConfiguration;
			buildSettings = {
				ALWAYS_EMBED_SWIFT_STANDARD_LIBRARIES = YES;
				ASSETCATALOG_COMPILER_GENERATE_SWIFT_ASSET_SYMBOL_EXTENSIONS = YES;
				CLANG_ENABLE_MODULES = YES;
				CODE_SIGN_STYLE = Automatic;
				CURRENT_PROJECT_VERSION = 1;
				DEVELOPMENT_TEAM = 274M6WJ8NT;
				ENABLE_USER_SCRIPT_SANDBOXING = YES;
				GCC_C_LANGUAGE_STANDARD = gnu17;
				GENERATE_INFOPLIST_FILE = YES;
				IPHONEOS_DEPLOYMENT_TARGET = 16.4;
				LOCALIZATION_PREFERS_STRING_CATALOGS = YES;
				MARKETING_VERSION = 1.0;
				PRODUCT_BUNDLE_IDENTIFIER = com.matteocasu.MyEssentialFeediOSTests;
				PRODUCT_NAME = "$(TARGET_NAME)";
				SDKROOT = iphoneos;
				SWIFT_EMIT_LOC_STRINGS = NO;
				SWIFT_VERSION = 5.0;
				TARGETED_DEVICE_FAMILY = "1,2";
				VALIDATE_PRODUCT = YES;
			};
			name = Release;
		};
		854CDAA02ADAE1E0000CC9EC /* Debug */ = {
			isa = XCBuildConfiguration;
			buildSettings = {
				CODE_SIGN_STYLE = Automatic;
				CURRENT_PROJECT_VERSION = 1;
				DEVELOPMENT_TEAM = 274M6WJ8NT;
				GENERATE_INFOPLIST_FILE = YES;
				MACOSX_DEPLOYMENT_TARGET = 12.4;
				MARKETING_VERSION = 1.0;
				PRODUCT_BUNDLE_IDENTIFIER = com.matteocasu.MyEssentialFeedAPIEndToEndTests;
				PRODUCT_NAME = "$(TARGET_NAME)";
				SUPPORTED_PLATFORMS = "macosx iphoneos iphonesimulator";
				SWIFT_EMIT_LOC_STRINGS = NO;
				SWIFT_VERSION = 5.0;
			};
			name = Debug;
		};
		854CDAA12ADAE1E0000CC9EC /* Release */ = {
			isa = XCBuildConfiguration;
			buildSettings = {
				CODE_SIGN_STYLE = Automatic;
				CURRENT_PROJECT_VERSION = 1;
				DEVELOPMENT_TEAM = 274M6WJ8NT;
				GENERATE_INFOPLIST_FILE = YES;
				MACOSX_DEPLOYMENT_TARGET = 12.4;
				MARKETING_VERSION = 1.0;
				PRODUCT_BUNDLE_IDENTIFIER = com.matteocasu.MyEssentialFeedAPIEndToEndTests;
				PRODUCT_NAME = "$(TARGET_NAME)";
				SUPPORTED_PLATFORMS = "macosx iphoneos iphonesimulator";
				SWIFT_EMIT_LOC_STRINGS = NO;
				SWIFT_VERSION = 5.0;
			};
			name = Release;
		};
		85776FC62B020961007AF2F0 /* Debug */ = {
			isa = XCBuildConfiguration;
			buildSettings = {
				ASSETCATALOG_COMPILER_GENERATE_SWIFT_ASSET_SYMBOL_EXTENSIONS = YES;
				CODE_SIGN_STYLE = Automatic;
				CURRENT_PROJECT_VERSION = 1;
				DEVELOPMENT_TEAM = 274M6WJ8NT;
				ENABLE_USER_SCRIPT_SANDBOXING = YES;
				GCC_C_LANGUAGE_STANDARD = gnu17;
				GENERATE_INFOPLIST_FILE = YES;
				LOCALIZATION_PREFERS_STRING_CATALOGS = YES;
				MACOSX_DEPLOYMENT_TARGET = 14.0;
				MARKETING_VERSION = 1.0;
				PRODUCT_BUNDLE_IDENTIFIER = com.matteocasu.MyEssentialFeedCacheIntegrationTests;
				PRODUCT_NAME = "$(TARGET_NAME)";
				SUPPORTED_PLATFORMS = "macosx iphoneos iphonesimulator";
				SWIFT_ACTIVE_COMPILATION_CONDITIONS = "DEBUG $(inherited)";
				SWIFT_EMIT_LOC_STRINGS = NO;
				SWIFT_VERSION = 5.0;
			};
			name = Debug;
		};
		85776FC72B020961007AF2F0 /* Release */ = {
			isa = XCBuildConfiguration;
			buildSettings = {
				ASSETCATALOG_COMPILER_GENERATE_SWIFT_ASSET_SYMBOL_EXTENSIONS = YES;
				CODE_SIGN_STYLE = Automatic;
				CURRENT_PROJECT_VERSION = 1;
				DEVELOPMENT_TEAM = 274M6WJ8NT;
				ENABLE_USER_SCRIPT_SANDBOXING = YES;
				GCC_C_LANGUAGE_STANDARD = gnu17;
				GENERATE_INFOPLIST_FILE = YES;
				LOCALIZATION_PREFERS_STRING_CATALOGS = YES;
				MACOSX_DEPLOYMENT_TARGET = 14.0;
				MARKETING_VERSION = 1.0;
				PRODUCT_BUNDLE_IDENTIFIER = com.matteocasu.MyEssentialFeedCacheIntegrationTests;
				PRODUCT_NAME = "$(TARGET_NAME)";
				SUPPORTED_PLATFORMS = "macosx iphoneos iphonesimulator";
				SWIFT_EMIT_LOC_STRINGS = NO;
				SWIFT_VERSION = 5.0;
			};
			name = Release;
		};
/* End XCBuildConfiguration section */

/* Begin XCConfigurationList section */
		8513C1662ACE8ECD0095989C /* Build configuration list for PBXProject "MyEssentialFeed" */ = {
			isa = XCConfigurationList;
			buildConfigurations = (
				8513C17C2ACE8ECD0095989C /* Debug */,
				8513C17D2ACE8ECD0095989C /* Release */,
			);
			defaultConfigurationIsVisible = 0;
			defaultConfigurationName = Release;
		};
		8513C17E2ACE8ECD0095989C /* Build configuration list for PBXNativeTarget "MyEssentialFeed" */ = {
			isa = XCConfigurationList;
			buildConfigurations = (
				8513C17F2ACE8ECD0095989C /* Debug */,
				8513C1802ACE8ECD0095989C /* Release */,
			);
			defaultConfigurationIsVisible = 0;
			defaultConfigurationName = Release;
		};
		8513C1812ACE8ECD0095989C /* Build configuration list for PBXNativeTarget "MyEssentialFeedTests" */ = {
			isa = XCConfigurationList;
			buildConfigurations = (
				8513C1822ACE8ECD0095989C /* Debug */,
				8513C1832ACE8ECD0095989C /* Release */,
			);
			defaultConfigurationIsVisible = 0;
			defaultConfigurationName = Release;
		};
		8525F2DE2B0FD08C00BD7CCA /* Build configuration list for PBXNativeTarget "MyEssentialFeediOS" */ = {
			isa = XCConfigurationList;
			buildConfigurations = (
				8525F2DF2B0FD08C00BD7CCA /* Debug */,
				8525F2E02B0FD08C00BD7CCA /* Release */,
			);
			defaultConfigurationIsVisible = 0;
			defaultConfigurationName = Release;
		};
		8525F2E12B0FD08C00BD7CCA /* Build configuration list for PBXNativeTarget "MyEssentialFeediOSTests" */ = {
			isa = XCConfigurationList;
			buildConfigurations = (
				8525F2E22B0FD08C00BD7CCA /* Debug */,
				8525F2E32B0FD08C00BD7CCA /* Release */,
			);
			defaultConfigurationIsVisible = 0;
			defaultConfigurationName = Release;
		};
		854CDA9F2ADAE1E0000CC9EC /* Build configuration list for PBXNativeTarget "MyEssentialFeedAPIEndToEndTests" */ = {
			isa = XCConfigurationList;
			buildConfigurations = (
				854CDAA02ADAE1E0000CC9EC /* Debug */,
				854CDAA12ADAE1E0000CC9EC /* Release */,
			);
			defaultConfigurationIsVisible = 0;
			defaultConfigurationName = Release;
		};
		85776FC82B020961007AF2F0 /* Build configuration list for PBXNativeTarget "MyEssentialFeedCacheIntegrationTests" */ = {
			isa = XCConfigurationList;
			buildConfigurations = (
				85776FC62B020961007AF2F0 /* Debug */,
				85776FC72B020961007AF2F0 /* Release */,
			);
			defaultConfigurationIsVisible = 0;
			defaultConfigurationName = Release;
		};
/* End XCConfigurationList section */

/* Begin XCVersionGroup section */
		85776F832AFE71E3007AF2F0 /* FeedStore.xcdatamodeld */ = {
			isa = XCVersionGroup;
			children = (
				85776F842AFE71E3007AF2F0 /* FeedStore.xcdatamodel */,
			);
			currentVersion = 85776F842AFE71E3007AF2F0 /* FeedStore.xcdatamodel */;
			path = FeedStore.xcdatamodeld;
			sourceTree = "<group>";
			versionGroupType = wrapper.xcdatamodel;
		};
/* End XCVersionGroup section */
	};
	rootObject = 8513C1632ACE8ECD0095989C /* Project object */;
}
